// !$*UTF8*$!
{
	archiveVersion = 1;
	classes = {
	};
	objectVersion = 56;
	objects = {

/* Begin PBXBuildFile section */
		BF09EED02C22C0D400421911 /* Weapon.swift in Sources */ = {isa = PBXBuildFile; fileRef = BF09EECF2C22C0D400421911 /* Weapon.swift */; };
		BF09EED22C22C32200421911 /* Obstacle.swift in Sources */ = {isa = PBXBuildFile; fileRef = BF09EED12C22C32200421911 /* Obstacle.swift */; };
		BF09EED42C22C41300421911 /* Character.swift in Sources */ = {isa = PBXBuildFile; fileRef = BF09EED32C22C41300421911 /* Character.swift */; };
		BF09EED62C22C4A100421911 /* Player.swift in Sources */ = {isa = PBXBuildFile; fileRef = BF09EED52C22C4A100421911 /* Player.swift */; };
		BF09EED82C231C6800421911 /* OrangeButton.png in Resources */ = {isa = PBXBuildFile; fileRef = BF09EED72C231C6800421911 /* OrangeButton.png */; };
		BF09EEDA2C231C7000421911 /* bom.png in Resources */ = {isa = PBXBuildFile; fileRef = BF09EED92C231C7000421911 /* bom.png */; };
		BF09EEDC2C231C7700421911 /* bomButton.png in Resources */ = {isa = PBXBuildFile; fileRef = BF09EEDB2C231C7700421911 /* bomButton.png */; };
		BF09EEDE2C231C8A00421911 /* Bom.swift in Sources */ = {isa = PBXBuildFile; fileRef = BF09EEDD2C231C8A00421911 /* Bom.swift */; };
		BF09EEE02C23236700421911 /* ayam level 1.json in Resources */ = {isa = PBXBuildFile; fileRef = BF09EEDF2C23236700421911 /* ayam level 1.json */; };
		BF09EEE22C23236E00421911 /* duck level 1.json in Resources */ = {isa = PBXBuildFile; fileRef = BF09EEE12C23236E00421911 /* duck level 1.json */; };
		BF4C7CAD2C22826200F5E695 /* AppDelegate.swift in Sources */ = {isa = PBXBuildFile; fileRef = BF4C7CAC2C22826200F5E695 /* AppDelegate.swift */; };
		BF4C7CB82C22826200F5E695 /* Main.storyboard in Resources */ = {isa = PBXBuildFile; fileRef = BF4C7CB62C22826200F5E695 /* Main.storyboard */; };
		BF4C7CBA2C22826300F5E695 /* Assets.xcassets in Resources */ = {isa = PBXBuildFile; fileRef = BF4C7CB92C22826300F5E695 /* Assets.xcassets */; };
		BF4C7CBD2C22826300F5E695 /* LaunchScreen.storyboard in Resources */ = {isa = PBXBuildFile; fileRef = BF4C7CBB2C22826300F5E695 /* LaunchScreen.storyboard */; };
		BF4C7CD32C2282A300F5E695 /* apple-bomb.png in Resources */ = {isa = PBXBuildFile; fileRef = BF4C7CC42C2282A300F5E695 /* apple-bomb.png */; };
		BF4C7CD42C2282A300F5E695 /* heart-on.png in Resources */ = {isa = PBXBuildFile; fileRef = BF4C7CC52C2282A300F5E695 /* heart-on.png */; };
		BF4C7CD52C2282A300F5E695 /* background.png in Resources */ = {isa = PBXBuildFile; fileRef = BF4C7CC62C2282A300F5E695 /* background.png */; };
		BF4C7CD62C2282A300F5E695 /* Orange.png in Resources */ = {isa = PBXBuildFile; fileRef = BF4C7CC72C2282A300F5E695 /* Orange.png */; };
		BF4C7CD72C2282A300F5E695 /* apple.png in Resources */ = {isa = PBXBuildFile; fileRef = BF4C7CC82C2282A300F5E695 /* apple.png */; };
		BF4C7CD82C2282A300F5E695 /* duck.png in Resources */ = {isa = PBXBuildFile; fileRef = BF4C7CCA2C2282A300F5E695 /* duck.png */; };
		BF4C7CD92C2282A300F5E695 /* background-left.png in Resources */ = {isa = PBXBuildFile; fileRef = BF4C7CCB2C2282A300F5E695 /* background-left.png */; };
		BF4C7CDA2C2282A300F5E695 /* ground-right.png in Resources */ = {isa = PBXBuildFile; fileRef = BF4C7CCC2C2282A300F5E695 /* ground-right.png */; };
		BF4C7CDB2C2282A300F5E695 /* chicken.png in Resources */ = {isa = PBXBuildFile; fileRef = BF4C7CCD2C2282A300F5E695 /* chicken.png */; };
		BF4C7CDC2C2282A300F5E695 /* background-right.png in Resources */ = {isa = PBXBuildFile; fileRef = BF4C7CCE2C2282A300F5E695 /* background-right.png */; };
		BF4C7CDD2C2282A300F5E695 /* ground-left.png in Resources */ = {isa = PBXBuildFile; fileRef = BF4C7CCF2C2282A300F5E695 /* ground-left.png */; };
		BF4C7CDE2C2282A300F5E695 /* Ground.png in Resources */ = {isa = PBXBuildFile; fileRef = BF4C7CD02C2282A300F5E695 /* Ground.png */; };
		BF4C7CDF2C2282A300F5E695 /* heart-half.png in Resources */ = {isa = PBXBuildFile; fileRef = BF4C7CD12C2282A300F5E695 /* heart-half.png */; };
		BF4C7CE02C2282A300F5E695 /* heart-off.png in Resources */ = {isa = PBXBuildFile; fileRef = BF4C7CD22C2282A300F5E695 /* heart-off.png */; };
		BF4C7CE32C2282AF00F5E695 /* GameScene.sks in Resources */ = {isa = PBXBuildFile; fileRef = BF4C7CE12C2282AF00F5E695 /* GameScene.sks */; };
		BF4C7CE42C2282AF00F5E695 /* GameScene.swift in Sources */ = {isa = PBXBuildFile; fileRef = BF4C7CE22C2282AF00F5E695 /* GameScene.swift */; };
		BF4C7CE72C2282BB00F5E695 /* GameViewController.swift in Sources */ = {isa = PBXBuildFile; fileRef = BF4C7CE52C2282BB00F5E695 /* GameViewController.swift */; };
		BF4C7CE82C2282BB00F5E695 /* Orange.swift in Sources */ = {isa = PBXBuildFile; fileRef = BF4C7CE62C2282BB00F5E695 /* Orange.swift */; };
		BF4C7CEA2C2282C200F5E695 /* PhysicsCategory.swift in Sources */ = {isa = PBXBuildFile; fileRef = BF4C7CE92C2282C200F5E695 /* PhysicsCategory.swift */; };
/* End PBXBuildFile section */

/* Begin PBXFileReference section */
		BF09EECF2C22C0D400421911 /* Weapon.swift */ = {isa = PBXFileReference; lastKnownFileType = sourcecode.swift; path = Weapon.swift; sourceTree = "<group>"; };
		BF09EED12C22C32200421911 /* Obstacle.swift */ = {isa = PBXFileReference; lastKnownFileType = sourcecode.swift; path = Obstacle.swift; sourceTree = "<group>"; };
		BF09EED32C22C41300421911 /* Character.swift */ = {isa = PBXFileReference; lastKnownFileType = sourcecode.swift; path = Character.swift; sourceTree = "<group>"; };
		BF09EED52C22C4A100421911 /* Player.swift */ = {isa = PBXFileReference; lastKnownFileType = sourcecode.swift; path = Player.swift; sourceTree = "<group>"; };
		BF09EED72C231C6800421911 /* OrangeButton.png */ = {isa = PBXFileReference; lastKnownFileType = image.png; path = OrangeButton.png; sourceTree = "<group>"; };
		BF09EED92C231C7000421911 /* bom.png */ = {isa = PBXFileReference; lastKnownFileType = image.png; path = bom.png; sourceTree = "<group>"; };
		BF09EEDB2C231C7700421911 /* bomButton.png */ = {isa = PBXFileReference; lastKnownFileType = image.png; path = bomButton.png; sourceTree = "<group>"; };
		BF09EEDD2C231C8A00421911 /* Bom.swift */ = {isa = PBXFileReference; fileEncoding = 4; lastKnownFileType = sourcecode.swift; path = Bom.swift; sourceTree = "<group>"; };
		BF09EEDF2C23236700421911 /* ayam level 1.json */ = {isa = PBXFileReference; fileEncoding = 4; lastKnownFileType = text.json; path = "ayam level 1.json"; sourceTree = "<group>"; };
		BF09EEE12C23236E00421911 /* duck level 1.json */ = {isa = PBXFileReference; fileEncoding = 4; lastKnownFileType = text.json; path = "duck level 1.json"; sourceTree = "<group>"; };
		BF4C7CA92C22826200F5E695 /* FarmFighters.app */ = {isa = PBXFileReference; explicitFileType = wrapper.application; includeInIndex = 0; path = FarmFighters.app; sourceTree = BUILT_PRODUCTS_DIR; };
		BF4C7CAC2C22826200F5E695 /* AppDelegate.swift */ = {isa = PBXFileReference; lastKnownFileType = sourcecode.swift; path = AppDelegate.swift; sourceTree = "<group>"; };
		BF4C7CB72C22826200F5E695 /* Base */ = {isa = PBXFileReference; lastKnownFileType = file.storyboard; name = Base; path = Base.lproj/Main.storyboard; sourceTree = "<group>"; };
		BF4C7CB92C22826300F5E695 /* Assets.xcassets */ = {isa = PBXFileReference; lastKnownFileType = folder.assetcatalog; path = Assets.xcassets; sourceTree = "<group>"; };
		BF4C7CBC2C22826300F5E695 /* Base */ = {isa = PBXFileReference; lastKnownFileType = file.storyboard; name = Base; path = Base.lproj/LaunchScreen.storyboard; sourceTree = "<group>"; };
		BF4C7CC42C2282A300F5E695 /* apple-bomb.png */ = {isa = PBXFileReference; lastKnownFileType = image.png; path = "apple-bomb.png"; sourceTree = "<group>"; };
		BF4C7CC52C2282A300F5E695 /* heart-on.png */ = {isa = PBXFileReference; lastKnownFileType = image.png; path = "heart-on.png"; sourceTree = "<group>"; };
		BF4C7CC62C2282A300F5E695 /* background.png */ = {isa = PBXFileReference; lastKnownFileType = image.png; path = background.png; sourceTree = "<group>"; };
		BF4C7CC72C2282A300F5E695 /* Orange.png */ = {isa = PBXFileReference; lastKnownFileType = image.png; path = Orange.png; sourceTree = "<group>"; };
		BF4C7CC82C2282A300F5E695 /* apple.png */ = {isa = PBXFileReference; lastKnownFileType = image.png; path = apple.png; sourceTree = "<group>"; };
		BF4C7CCA2C2282A300F5E695 /* duck.png */ = {isa = PBXFileReference; lastKnownFileType = image.png; path = duck.png; sourceTree = "<group>"; };
		BF4C7CCB2C2282A300F5E695 /* background-left.png */ = {isa = PBXFileReference; lastKnownFileType = image.png; path = "background-left.png"; sourceTree = "<group>"; };
		BF4C7CCC2C2282A300F5E695 /* ground-right.png */ = {isa = PBXFileReference; lastKnownFileType = image.png; path = "ground-right.png"; sourceTree = "<group>"; };
		BF4C7CCD2C2282A300F5E695 /* chicken.png */ = {isa = PBXFileReference; lastKnownFileType = image.png; path = chicken.png; sourceTree = "<group>"; };
		BF4C7CCE2C2282A300F5E695 /* background-right.png */ = {isa = PBXFileReference; lastKnownFileType = image.png; path = "background-right.png"; sourceTree = "<group>"; };
		BF4C7CCF2C2282A300F5E695 /* ground-left.png */ = {isa = PBXFileReference; lastKnownFileType = image.png; path = "ground-left.png"; sourceTree = "<group>"; };
		BF4C7CD02C2282A300F5E695 /* Ground.png */ = {isa = PBXFileReference; lastKnownFileType = image.png; path = Ground.png; sourceTree = "<group>"; };
		BF4C7CD12C2282A300F5E695 /* heart-half.png */ = {isa = PBXFileReference; lastKnownFileType = image.png; path = "heart-half.png"; sourceTree = "<group>"; };
		BF4C7CD22C2282A300F5E695 /* heart-off.png */ = {isa = PBXFileReference; lastKnownFileType = image.png; path = "heart-off.png"; sourceTree = "<group>"; };
		BF4C7CE12C2282AF00F5E695 /* GameScene.sks */ = {isa = PBXFileReference; lastKnownFileType = file.sks; path = GameScene.sks; sourceTree = "<group>"; };
		BF4C7CE22C2282AF00F5E695 /* GameScene.swift */ = {isa = PBXFileReference; fileEncoding = 4; lastKnownFileType = sourcecode.swift; path = GameScene.swift; sourceTree = "<group>"; };
		BF4C7CE52C2282BB00F5E695 /* GameViewController.swift */ = {isa = PBXFileReference; fileEncoding = 4; lastKnownFileType = sourcecode.swift; path = GameViewController.swift; sourceTree = "<group>"; };
		BF4C7CE62C2282BB00F5E695 /* Orange.swift */ = {isa = PBXFileReference; fileEncoding = 4; lastKnownFileType = sourcecode.swift; path = Orange.swift; sourceTree = "<group>"; };
		BF4C7CE92C2282C200F5E695 /* PhysicsCategory.swift */ = {isa = PBXFileReference; fileEncoding = 4; lastKnownFileType = sourcecode.swift; path = PhysicsCategory.swift; sourceTree = "<group>"; };
/* End PBXFileReference section */

/* Begin PBXFrameworksBuildPhase section */
		BF4C7CA62C22826200F5E695 /* Frameworks */ = {
			isa = PBXFrameworksBuildPhase;
			buildActionMask = 2147483647;
			files = (
			);
			runOnlyForDeploymentPostprocessing = 0;
		};
/* End PBXFrameworksBuildPhase section */

/* Begin PBXGroup section */
		BF09EECE2C22C0B900421911 /* Model */ = {
			isa = PBXGroup;
			children = (
				BF09EECF2C22C0D400421911 /* Weapon.swift */,
				BF09EED12C22C32200421911 /* Obstacle.swift */,
				BF09EED32C22C41300421911 /* Character.swift */,
				BF09EED52C22C4A100421911 /* Player.swift */,
			);
			path = Model;
			sourceTree = "<group>";
		};
		BF4C7CA02C22826200F5E695 = {
			isa = PBXGroup;
			children = (
				BF4C7CAB2C22826200F5E695 /* FarmFighters */,
				BF4C7CAA2C22826200F5E695 /* Products */,
			);
			sourceTree = "<group>";
		};
		BF4C7CAA2C22826200F5E695 /* Products */ = {
			isa = PBXGroup;
			children = (
				BF4C7CA92C22826200F5E695 /* FarmFighters.app */,
			);
			name = Products;
			sourceTree = "<group>";
		};
		BF4C7CAB2C22826200F5E695 /* FarmFighters */ = {
			isa = PBXGroup;
			children = (
				BF09EECE2C22C0B900421911 /* Model */,
				BF4C7CC32C2282A300F5E695 /* Assets */,
				BF4C7CAC2C22826200F5E695 /* AppDelegate.swift */,
				BF4C7CE12C2282AF00F5E695 /* GameScene.sks */,
				BF4C7CE22C2282AF00F5E695 /* GameScene.swift */,
				BF4C7CE52C2282BB00F5E695 /* GameViewController.swift */,
				BF4C7CE62C2282BB00F5E695 /* Orange.swift */,
				BF09EEDD2C231C8A00421911 /* Bom.swift */,
				BF4C7CE92C2282C200F5E695 /* PhysicsCategory.swift */,
				BF4C7CB62C22826200F5E695 /* Main.storyboard */,
				BF4C7CB92C22826300F5E695 /* Assets.xcassets */,
				BF4C7CBB2C22826300F5E695 /* LaunchScreen.storyboard */,
			);
			path = FarmFighters;
			sourceTree = "<group>";
		};
		BF4C7CC32C2282A300F5E695 /* Assets */ = {
			isa = PBXGroup;
			children = (
				BF09EED72C231C6800421911 /* OrangeButton.png */,
				BF09EED92C231C7000421911 /* bom.png */,
				BF09EEDB2C231C7700421911 /* bomButton.png */,
				BF4C7CC42C2282A300F5E695 /* apple-bomb.png */,
				BF4C7CC52C2282A300F5E695 /* heart-on.png */,
				BF4C7CC62C2282A300F5E695 /* background.png */,
				BF4C7CC72C2282A300F5E695 /* Orange.png */,
				BF4C7CC82C2282A300F5E695 /* apple.png */,
				BF4C7CC92C2282A300F5E695 /* Level-1 */,
				BF4C7CD02C2282A300F5E695 /* Ground.png */,
				BF4C7CD12C2282A300F5E695 /* heart-half.png */,
				BF4C7CD22C2282A300F5E695 /* heart-off.png */,
			);
			path = Assets;
			sourceTree = "<group>";
		};
		BF4C7CC92C2282A300F5E695 /* Level-1 */ = {
			isa = PBXGroup;
			children = (
				BF09EEDF2C23236700421911 /* ayam level 1.json */,
				BF09EEE12C23236E00421911 /* duck level 1.json */,
				BF4C7CCA2C2282A300F5E695 /* duck.png */,
				BF4C7CCB2C2282A300F5E695 /* background-left.png */,
				BF4C7CCC2C2282A300F5E695 /* ground-right.png */,
				BF4C7CCD2C2282A300F5E695 /* chicken.png */,
				BF4C7CCE2C2282A300F5E695 /* background-right.png */,
				BF4C7CCF2C2282A300F5E695 /* ground-left.png */,
			);
			path = "Level-1";
			sourceTree = "<group>";
		};
/* End PBXGroup section */

/* Begin PBXNativeTarget section */
		BF4C7CA82C22826200F5E695 /* FarmFighters */ = {
			isa = PBXNativeTarget;
			buildConfigurationList = BF4C7CC02C22826300F5E695 /* Build configuration list for PBXNativeTarget "FarmFighters" */;
			buildPhases = (
				BF4C7CA52C22826200F5E695 /* Sources */,
				BF4C7CA62C22826200F5E695 /* Frameworks */,
				BF4C7CA72C22826200F5E695 /* Resources */,
			);
			buildRules = (
			);
			dependencies = (
			);
			name = FarmFighters;
			packageProductDependencies = (
			);
			productName = FarmFighters;
			productReference = BF4C7CA92C22826200F5E695 /* FarmFighters.app */;
			productType = "com.apple.product-type.application";
		};
/* End PBXNativeTarget section */

/* Begin PBXProject section */
		BF4C7CA12C22826200F5E695 /* Project object */ = {
			isa = PBXProject;
			attributes = {
				BuildIndependentTargetsInParallel = 1;
				LastSwiftUpdateCheck = 1520;
				LastUpgradeCheck = 1520;
				TargetAttributes = {
					BF4C7CA82C22826200F5E695 = {
						CreatedOnToolsVersion = 15.2;
					};
				};
			};
			buildConfigurationList = BF4C7CA42C22826200F5E695 /* Build configuration list for PBXProject "FarmFighters" */;
			compatibilityVersion = "Xcode 14.0";
			developmentRegion = en;
			hasScannedForEncodings = 0;
			knownRegions = (
				en,
				Base,
			);
			mainGroup = BF4C7CA02C22826200F5E695;
			packageReferences = (
			);
			productRefGroup = BF4C7CAA2C22826200F5E695 /* Products */;
			projectDirPath = "";
			projectRoot = "";
			targets = (
				BF4C7CA82C22826200F5E695 /* FarmFighters */,
			);
		};
/* End PBXProject section */

/* Begin PBXResourcesBuildPhase section */
		BF4C7CA72C22826200F5E695 /* Resources */ = {
			isa = PBXResourcesBuildPhase;
			buildActionMask = 2147483647;
			files = (
				BF4C7CD32C2282A300F5E695 /* apple-bomb.png in Resources */,
				BF4C7CD62C2282A300F5E695 /* Orange.png in Resources */,
				BF4C7CDC2C2282A300F5E695 /* background-right.png in Resources */,
				BF4C7CD82C2282A300F5E695 /* duck.png in Resources */,
				BF4C7CDA2C2282A300F5E695 /* ground-right.png in Resources */,
				BF4C7CD52C2282A300F5E695 /* background.png in Resources */,
				BF4C7CD92C2282A300F5E695 /* background-left.png in Resources */,
				BF4C7CE02C2282A300F5E695 /* heart-off.png in Resources */,
				BF09EEDA2C231C7000421911 /* bom.png in Resources */,
				BF4C7CB82C22826200F5E695 /* Main.storyboard in Resources */,
				BF4C7CDB2C2282A300F5E695 /* chicken.png in Resources */,
				BF4C7CD42C2282A300F5E695 /* heart-on.png in Resources */,
				BF4C7CBA2C22826300F5E695 /* Assets.xcassets in Resources */,
				BF4C7CD72C2282A300F5E695 /* apple.png in Resources */,
				BF4C7CBD2C22826300F5E695 /* LaunchScreen.storyboard in Resources */,
				BF09EEE22C23236E00421911 /* duck level 1.json in Resources */,
				BF4C7CDF2C2282A300F5E695 /* heart-half.png in Resources */,
				BF4C7CDE2C2282A300F5E695 /* Ground.png in Resources */,
				BF4C7CE32C2282AF00F5E695 /* GameScene.sks in Resources */,
				BF09EEE02C23236700421911 /* ayam level 1.json in Resources */,
				BF09EED82C231C6800421911 /* OrangeButton.png in Resources */,
				BF4C7CDD2C2282A300F5E695 /* ground-left.png in Resources */,
				BF09EEDC2C231C7700421911 /* bomButton.png in Resources */,
			);
			runOnlyForDeploymentPostprocessing = 0;
		};
/* End PBXResourcesBuildPhase section */

/* Begin PBXSourcesBuildPhase section */
		BF4C7CA52C22826200F5E695 /* Sources */ = {
			isa = PBXSourcesBuildPhase;
			buildActionMask = 2147483647;
			files = (
				BF09EED22C22C32200421911 /* Obstacle.swift in Sources */,
				BF4C7CE42C2282AF00F5E695 /* GameScene.swift in Sources */,
				BF4C7CE72C2282BB00F5E695 /* GameViewController.swift in Sources */,
				BF4C7CEA2C2282C200F5E695 /* PhysicsCategory.swift in Sources */,
				BF09EEDE2C231C8A00421911 /* Bom.swift in Sources */,
				BF4C7CAD2C22826200F5E695 /* AppDelegate.swift in Sources */,
				BF4C7CE82C2282BB00F5E695 /* Orange.swift in Sources */,
				BF09EED02C22C0D400421911 /* Weapon.swift in Sources */,
				BF09EED62C22C4A100421911 /* Player.swift in Sources */,
				BF09EED42C22C41300421911 /* Character.swift in Sources */,
			);
			runOnlyForDeploymentPostprocessing = 0;
		};
/* End PBXSourcesBuildPhase section */

/* Begin PBXVariantGroup section */
		BF4C7CB62C22826200F5E695 /* Main.storyboard */ = {
			isa = PBXVariantGroup;
			children = (
				BF4C7CB72C22826200F5E695 /* Base */,
			);
			name = Main.storyboard;
			sourceTree = "<group>";
		};
		BF4C7CBB2C22826300F5E695 /* LaunchScreen.storyboard */ = {
			isa = PBXVariantGroup;
			children = (
				BF4C7CBC2C22826300F5E695 /* Base */,
			);
			name = LaunchScreen.storyboard;
			sourceTree = "<group>";
		};
/* End PBXVariantGroup section */

/* Begin XCBuildConfiguration section */
		BF4C7CBE2C22826300F5E695 /* Debug */ = {
			isa = XCBuildConfiguration;
			buildSettings = {
				ALWAYS_SEARCH_USER_PATHS = NO;
				ASSETCATALOG_COMPILER_GENERATE_SWIFT_ASSET_SYMBOL_EXTENSIONS = YES;
				CLANG_ANALYZER_NONNULL = YES;
				CLANG_ANALYZER_NUMBER_OBJECT_CONVERSION = YES_AGGRESSIVE;
				CLANG_CXX_LANGUAGE_STANDARD = "gnu++20";
				CLANG_ENABLE_MODULES = YES;
				CLANG_ENABLE_OBJC_ARC = YES;
				CLANG_ENABLE_OBJC_WEAK = YES;
				CLANG_WARN_BLOCK_CAPTURE_AUTORELEASING = YES;
				CLANG_WARN_BOOL_CONVERSION = YES;
				CLANG_WARN_COMMA = YES;
				CLANG_WARN_CONSTANT_CONVERSION = YES;
				CLANG_WARN_DEPRECATED_OBJC_IMPLEMENTATIONS = YES;
				CLANG_WARN_DIRECT_OBJC_ISA_USAGE = YES_ERROR;
				CLANG_WARN_DOCUMENTATION_COMMENTS = YES;
				CLANG_WARN_EMPTY_BODY = YES;
				CLANG_WARN_ENUM_CONVERSION = YES;
				CLANG_WARN_INFINITE_RECURSION = YES;
				CLANG_WARN_INT_CONVERSION = YES;
				CLANG_WARN_NON_LITERAL_NULL_CONVERSION = YES;
				CLANG_WARN_OBJC_IMPLICIT_RETAIN_SELF = YES;
				CLANG_WARN_OBJC_LITERAL_CONVERSION = YES;
				CLANG_WARN_OBJC_ROOT_CLASS = YES_ERROR;
				CLANG_WARN_QUOTED_INCLUDE_IN_FRAMEWORK_HEADER = YES;
				CLANG_WARN_RANGE_LOOP_ANALYSIS = YES;
				CLANG_WARN_STRICT_PROTOTYPES = YES;
				CLANG_WARN_SUSPICIOUS_MOVE = YES;
				CLANG_WARN_UNGUARDED_AVAILABILITY = YES_AGGRESSIVE;
				CLANG_WARN_UNREACHABLE_CODE = YES;
				CLANG_WARN__DUPLICATE_METHOD_MATCH = YES;
				COPY_PHASE_STRIP = NO;
				DEBUG_INFORMATION_FORMAT = dwarf;
				ENABLE_STRICT_OBJC_MSGSEND = YES;
				ENABLE_TESTABILITY = YES;
				ENABLE_USER_SCRIPT_SANDBOXING = YES;
				GCC_C_LANGUAGE_STANDARD = gnu17;
				GCC_DYNAMIC_NO_PIC = NO;
				GCC_NO_COMMON_BLOCKS = YES;
				GCC_OPTIMIZATION_LEVEL = 0;
				GCC_PREPROCESSOR_DEFINITIONS = (
					"DEBUG=1",
					"$(inherited)",
				);
				GCC_WARN_64_TO_32_BIT_CONVERSION = YES;
				GCC_WARN_ABOUT_RETURN_TYPE = YES_ERROR;
				GCC_WARN_UNDECLARED_SELECTOR = YES;
				GCC_WARN_UNINITIALIZED_AUTOS = YES_AGGRESSIVE;
				GCC_WARN_UNUSED_FUNCTION = YES;
				GCC_WARN_UNUSED_VARIABLE = YES;
				IPHONEOS_DEPLOYMENT_TARGET = 17.2;
				LOCALIZATION_PREFERS_STRING_CATALOGS = YES;
				MTL_ENABLE_DEBUG_INFO = INCLUDE_SOURCE;
				MTL_FAST_MATH = YES;
				ONLY_ACTIVE_ARCH = YES;
				SDKROOT = iphoneos;
				SWIFT_ACTIVE_COMPILATION_CONDITIONS = "DEBUG $(inherited)";
				SWIFT_OPTIMIZATION_LEVEL = "-Onone";
			};
			name = Debug;
		};
		BF4C7CBF2C22826300F5E695 /* Release */ = {
			isa = XCBuildConfiguration;
			buildSettings = {
				ALWAYS_SEARCH_USER_PATHS = NO;
				ASSETCATALOG_COMPILER_GENERATE_SWIFT_ASSET_SYMBOL_EXTENSIONS = YES;
				CLANG_ANALYZER_NONNULL = YES;
				CLANG_ANALYZER_NUMBER_OBJECT_CONVERSION = YES_AGGRESSIVE;
				CLANG_CXX_LANGUAGE_STANDARD = "gnu++20";
				CLANG_ENABLE_MODULES = YES;
				CLANG_ENABLE_OBJC_ARC = YES;
				CLANG_ENABLE_OBJC_WEAK = YES;
				CLANG_WARN_BLOCK_CAPTURE_AUTORELEASING = YES;
				CLANG_WARN_BOOL_CONVERSION = YES;
				CLANG_WARN_COMMA = YES;
				CLANG_WARN_CONSTANT_CONVERSION = YES;
				CLANG_WARN_DEPRECATED_OBJC_IMPLEMENTATIONS = YES;
				CLANG_WARN_DIRECT_OBJC_ISA_USAGE = YES_ERROR;
				CLANG_WARN_DOCUMENTATION_COMMENTS = YES;
				CLANG_WARN_EMPTY_BODY = YES;
				CLANG_WARN_ENUM_CONVERSION = YES;
				CLANG_WARN_INFINITE_RECURSION = YES;
				CLANG_WARN_INT_CONVERSION = YES;
				CLANG_WARN_NON_LITERAL_NULL_CONVERSION = YES;
				CLANG_WARN_OBJC_IMPLICIT_RETAIN_SELF = YES;
				CLANG_WARN_OBJC_LITERAL_CONVERSION = YES;
				CLANG_WARN_OBJC_ROOT_CLASS = YES_ERROR;
				CLANG_WARN_QUOTED_INCLUDE_IN_FRAMEWORK_HEADER = YES;
				CLANG_WARN_RANGE_LOOP_ANALYSIS = YES;
				CLANG_WARN_STRICT_PROTOTYPES = YES;
				CLANG_WARN_SUSPICIOUS_MOVE = YES;
				CLANG_WARN_UNGUARDED_AVAILABILITY = YES_AGGRESSIVE;
				CLANG_WARN_UNREACHABLE_CODE = YES;
				CLANG_WARN__DUPLICATE_METHOD_MATCH = YES;
				COPY_PHASE_STRIP = NO;
				DEBUG_INFORMATION_FORMAT = "dwarf-with-dsym";
				ENABLE_NS_ASSERTIONS = NO;
				ENABLE_STRICT_OBJC_MSGSEND = YES;
				ENABLE_USER_SCRIPT_SANDBOXING = YES;
				GCC_C_LANGUAGE_STANDARD = gnu17;
				GCC_NO_COMMON_BLOCKS = YES;
				GCC_WARN_64_TO_32_BIT_CONVERSION = YES;
				GCC_WARN_ABOUT_RETURN_TYPE = YES_ERROR;
				GCC_WARN_UNDECLARED_SELECTOR = YES;
				GCC_WARN_UNINITIALIZED_AUTOS = YES_AGGRESSIVE;
				GCC_WARN_UNUSED_FUNCTION = YES;
				GCC_WARN_UNUSED_VARIABLE = YES;
				IPHONEOS_DEPLOYMENT_TARGET = 17.2;
				LOCALIZATION_PREFERS_STRING_CATALOGS = YES;
				MTL_ENABLE_DEBUG_INFO = NO;
				MTL_FAST_MATH = YES;
				SDKROOT = iphoneos;
				SWIFT_COMPILATION_MODE = wholemodule;
				VALIDATE_PRODUCT = YES;
			};
			name = Release;
		};
		BF4C7CC12C22826300F5E695 /* Debug */ = {
			isa = XCBuildConfiguration;
			buildSettings = {
				ASSETCATALOG_COMPILER_APPICON_NAME = AppIcon;
				ASSETCATALOG_COMPILER_GLOBAL_ACCENT_COLOR_NAME = AccentColor;
				CODE_SIGN_STYLE = Automatic;
				CURRENT_PROJECT_VERSION = 1;
				DEVELOPMENT_TEAM = 7DK5H7RWQJ;
				GENERATE_INFOPLIST_FILE = YES;
				INFOPLIST_KEY_UIApplicationSupportsIndirectInputEvents = YES;
				INFOPLIST_KEY_UILaunchStoryboardName = LaunchScreen;
				INFOPLIST_KEY_UIMainStoryboardFile = Main;
				INFOPLIST_KEY_UIStatusBarHidden = YES;
				INFOPLIST_KEY_UISupportedInterfaceOrientations_iPad = "UIInterfaceOrientationLandscapeLeft UIInterfaceOrientationLandscapeRight";
				LD_RUNPATH_SEARCH_PATHS = (
					"$(inherited)",
					"@executable_path/Frameworks",
				);
				MARKETING_VERSION = 1.0;
				PRODUCT_BUNDLE_IDENTIFIER = Euphorience.FarmFighters;
				PRODUCT_NAME = "$(TARGET_NAME)";
				SWIFT_EMIT_LOC_STRINGS = YES;
				SWIFT_VERSION = 5.0;
				TARGETED_DEVICE_FAMILY = "1,2";
			};
			name = Debug;
		};
		BF4C7CC22C22826300F5E695 /* Release */ = {
			isa = XCBuildConfiguration;
			buildSettings = {
				ASSETCATALOG_COMPILER_APPICON_NAME = AppIcon;
				ASSETCATALOG_COMPILER_GLOBAL_ACCENT_COLOR_NAME = AccentColor;
				CODE_SIGN_STYLE = Automatic;
				CURRENT_PROJECT_VERSION = 1;
				DEVELOPMENT_TEAM = 7DK5H7RWQJ;
				GENERATE_INFOPLIST_FILE = YES;
				INFOPLIST_KEY_UIApplicationSupportsIndirectInputEvents = YES;
				INFOPLIST_KEY_UILaunchStoryboardName = LaunchScreen;
				INFOPLIST_KEY_UIMainStoryboardFile = Main;
				INFOPLIST_KEY_UIStatusBarHidden = YES;
				INFOPLIST_KEY_UISupportedInterfaceOrientations_iPad = "UIInterfaceOrientationLandscapeLeft UIInterfaceOrientationLandscapeRight";
				LD_RUNPATH_SEARCH_PATHS = (
					"$(inherited)",
					"@executable_path/Frameworks",
				);
				MARKETING_VERSION = 1.0;
				PRODUCT_BUNDLE_IDENTIFIER = Euphorience.FarmFighters;
				PRODUCT_NAME = "$(TARGET_NAME)";
				SWIFT_EMIT_LOC_STRINGS = YES;
				SWIFT_VERSION = 5.0;
				TARGETED_DEVICE_FAMILY = "1,2";
			};
			name = Release;
		};
/* End XCBuildConfiguration section */

/* Begin XCConfigurationList section */
		BF4C7CA42C22826200F5E695 /* Build configuration list for PBXProject "FarmFighters" */ = {
			isa = XCConfigurationList;
			buildConfigurations = (
				BF4C7CBE2C22826300F5E695 /* Debug */,
				BF4C7CBF2C22826300F5E695 /* Release */,
			);
			defaultConfigurationIsVisible = 0;
			defaultConfigurationName = Release;
		};
		BF4C7CC02C22826300F5E695 /* Build configuration list for PBXNativeTarget "FarmFighters" */ = {
			isa = XCConfigurationList;
			buildConfigurations = (
				BF4C7CC12C22826300F5E695 /* Debug */,
				BF4C7CC22C22826300F5E695 /* Release */,
			);
			defaultConfigurationIsVisible = 0;
			defaultConfigurationName = Release;
		};
/* End XCConfigurationList section */
	};
	rootObject = BF4C7CA12C22826200F5E695 /* Project object */;
}
