// !$*UTF8*$!
{
	archiveVersion = 1;
	classes = {
	};
	objectVersion = 56;
	objects = {

/* Begin PBXBuildFile section */
		4D5342E02C2B10480081DF69 /* BombAttackDead.png in Resources */ = {isa = PBXBuildFile; fileRef = 4D5342DF2C2B10480081DF69 /* BombAttackDead.png */; };
		4D5342E22C2B10690081DF69 /* BombAttack.png in Resources */ = {isa = PBXBuildFile; fileRef = 4D5342E12C2B10690081DF69 /* BombAttack.png */; };
		4D5342E42C2B16920081DF69 /* informationText.png in Resources */ = {isa = PBXBuildFile; fileRef = 4D5342E32C2B16920081DF69 /* informationText.png */; };
		4D5342E62C2B1B560081DF69 /* ChangePositionDead.png in Resources */ = {isa = PBXBuildFile; fileRef = 4D5342E52C2B1B560081DF69 /* ChangePositionDead.png */; };
		4D5342E82C2B1B7A0081DF69 /* ChangePosition.png in Resources */ = {isa = PBXBuildFile; fileRef = 4D5342E72C2B1B7A0081DF69 /* ChangePosition.png */; };
		BF09EED02C22C0D400421911 /* Weapon.swift in Sources */ = {isa = PBXBuildFile; fileRef = BF09EECF2C22C0D400421911 /* Weapon.swift */; };
		BF09EED22C22C32200421911 /* Obstacle.swift in Sources */ = {isa = PBXBuildFile; fileRef = BF09EED12C22C32200421911 /* Obstacle.swift */; };
		BF09EED42C22C41300421911 /* Character.swift in Sources */ = {isa = PBXBuildFile; fileRef = BF09EED32C22C41300421911 /* Character.swift */; };
		BF09EED62C22C4A100421911 /* Player.swift in Sources */ = {isa = PBXBuildFile; fileRef = BF09EED52C22C4A100421911 /* Player.swift */; };
		BF2E4CC92C26FC8C006E7D18 /* background-mid-r1.png in Resources */ = {isa = PBXBuildFile; fileRef = BF2E4CC32C26FC8C006E7D18 /* background-mid-r1.png */; };
		BF2E4CCA2C26FC8C006E7D18 /* ground-left-r1.png in Resources */ = {isa = PBXBuildFile; fileRef = BF2E4CC42C26FC8C006E7D18 /* ground-left-r1.png */; };
		BF2E4CCB2C26FC8C006E7D18 /* ground-right-r1.png in Resources */ = {isa = PBXBuildFile; fileRef = BF2E4CC52C26FC8C006E7D18 /* ground-right-r1.png */; };
		BF2E4CCC2C26FC8C006E7D18 /* background-left-r1.png in Resources */ = {isa = PBXBuildFile; fileRef = BF2E4CC62C26FC8C006E7D18 /* background-left-r1.png */; };
		BF2E4CCD2C26FC8C006E7D18 /* background-right-r1.png in Resources */ = {isa = PBXBuildFile; fileRef = BF2E4CC72C26FC8C006E7D18 /* background-right-r1.png */; };
		BF2E4CCE2C26FC8C006E7D18 /* ground-mid-r1.png in Resources */ = {isa = PBXBuildFile; fileRef = BF2E4CC82C26FC8C006E7D18 /* ground-mid-r1.png */; };
		BF2E4CD52C26FD09006E7D18 /* potato.png in Resources */ = {isa = PBXBuildFile; fileRef = BF2E4CD12C26FD09006E7D18 /* potato.png */; };
		BF2E4CD62C26FD09006E7D18 /* potato-bomb.png in Resources */ = {isa = PBXBuildFile; fileRef = BF2E4CD22C26FD09006E7D18 /* potato-bomb.png */; };
		BF2E4CD72C26FD09006E7D18 /* tomato-bomb.png in Resources */ = {isa = PBXBuildFile; fileRef = BF2E4CD32C26FD09006E7D18 /* tomato-bomb.png */; };
		BF2E4CD82C26FD09006E7D18 /* tomato.png in Resources */ = {isa = PBXBuildFile; fileRef = BF2E4CD42C26FD09006E7D18 /* tomato.png */; };
		BF4C7CAD2C22826200F5E695 /* AppDelegate.swift in Sources */ = {isa = PBXBuildFile; fileRef = BF4C7CAC2C22826200F5E695 /* AppDelegate.swift */; };
		BF4C7CB82C22826200F5E695 /* Main.storyboard in Resources */ = {isa = PBXBuildFile; fileRef = BF4C7CB62C22826200F5E695 /* Main.storyboard */; };
		BF4C7CBA2C22826300F5E695 /* Assets.xcassets in Resources */ = {isa = PBXBuildFile; fileRef = BF4C7CB92C22826300F5E695 /* Assets.xcassets */; };
		BF4C7CBD2C22826300F5E695 /* LaunchScreen.storyboard in Resources */ = {isa = PBXBuildFile; fileRef = BF4C7CBB2C22826300F5E695 /* LaunchScreen.storyboard */; };
		BF4C7CD42C2282A300F5E695 /* heart-on.png in Resources */ = {isa = PBXBuildFile; fileRef = BF4C7CC52C2282A300F5E695 /* heart-on.png */; };
		BF4C7CDB2C2282A300F5E695 /* chicken-r1.png in Resources */ = {isa = PBXBuildFile; fileRef = BF4C7CCD2C2282A300F5E695 /* chicken-r1.png */; };
		BF4C7CDF2C2282A300F5E695 /* heart-half.png in Resources */ = {isa = PBXBuildFile; fileRef = BF4C7CD12C2282A300F5E695 /* heart-half.png */; };
		BF4C7CE02C2282A300F5E695 /* heart-off.png in Resources */ = {isa = PBXBuildFile; fileRef = BF4C7CD22C2282A300F5E695 /* heart-off.png */; };
		BF4C7CE32C2282AF00F5E695 /* Round-1.sks in Resources */ = {isa = PBXBuildFile; fileRef = BF4C7CE12C2282AF00F5E695 /* Round-1.sks */; };
		BF4C7CE42C2282AF00F5E695 /* GameScene.swift in Sources */ = {isa = PBXBuildFile; fileRef = BF4C7CE22C2282AF00F5E695 /* GameScene.swift */; };
		BF4C7CE72C2282BB00F5E695 /* GameViewController.swift in Sources */ = {isa = PBXBuildFile; fileRef = BF4C7CE52C2282BB00F5E695 /* GameViewController.swift */; };
		BF4C7CEA2C2282C200F5E695 /* PhysicsCategory.swift in Sources */ = {isa = PBXBuildFile; fileRef = BF4C7CE92C2282C200F5E695 /* PhysicsCategory.swift */; };
		BFC43A5C2C2ABC390033DE13 /* SKTAudio.swift in Sources */ = {isa = PBXBuildFile; fileRef = BFC43A5B2C2ABC390033DE13 /* SKTAudio.swift */; };
		BFC43A5E2C2ABC850033DE13 /* SKAction+Ext.swift in Sources */ = {isa = PBXBuildFile; fileRef = BFC43A5D2C2ABC850033DE13 /* SKAction+Ext.swift */; };
		BFC43A612C2ABD660033DE13 /* aiming.mp3 in Resources */ = {isa = PBXBuildFile; fileRef = BFC43A5F2C2ABD660033DE13 /* aiming.mp3 */; };
		BFC43A622C2ABD660033DE13 /* bomb-hit-and-explosion.mp3 in Resources */ = {isa = PBXBuildFile; fileRef = BFC43A602C2ABD660033DE13 /* bomb-hit-and-explosion.mp3 */; };
		BFC43A652C2ABD6F0033DE13 /* musicLevel1.mp3 in Resources */ = {isa = PBXBuildFile; fileRef = BFC43A632C2ABD6E0033DE13 /* musicLevel1.mp3 */; };
		BFC43A662C2ABD6F0033DE13 /* musicLevel2.mp3 in Resources */ = {isa = PBXBuildFile; fileRef = BFC43A642C2ABD6F0033DE13 /* musicLevel2.mp3 */; };
		BFC43A692C2ABD7E0033DE13 /* shoot.mp3 in Resources */ = {isa = PBXBuildFile; fileRef = BFC43A672C2ABD7E0033DE13 /* shoot.mp3 */; };
		BFC43A6A2C2ABD7E0033DE13 /* stone-hit.mp3 in Resources */ = {isa = PBXBuildFile; fileRef = BFC43A682C2ABD7E0033DE13 /* stone-hit.mp3 */; };
		BFD3395F2C2A74D5007AAFF7 /* round-r3.png in Resources */ = {isa = PBXBuildFile; fileRef = BFD3395E2C2A74D5007AAFF7 /* round-r3.png */; };
		BFD339612C2A74E9007AAFF7 /* round-r1.png in Resources */ = {isa = PBXBuildFile; fileRef = BFD339602C2A74E9007AAFF7 /* round-r1.png */; };
		BFD339632C2A74FE007AAFF7 /* round-r2.png in Resources */ = {isa = PBXBuildFile; fileRef = BFD339622C2A74FE007AAFF7 /* round-r2.png */; };
		BFD339692C2A7580007AAFF7 /* chickens-victory.png in Resources */ = {isa = PBXBuildFile; fileRef = BFD339652C2A757F007AAFF7 /* chickens-victory.png */; };
		BFD3396A2C2A7580007AAFF7 /* ducks-victory.png in Resources */ = {isa = PBXBuildFile; fileRef = BFD339662C2A7580007AAFF7 /* ducks-victory.png */; };
		BFD3396B2C2A7580007AAFF7 /* chickens-win.png in Resources */ = {isa = PBXBuildFile; fileRef = BFD339672C2A7580007AAFF7 /* chickens-win.png */; };
		BFD3396C2C2A7580007AAFF7 /* ducks-win.png in Resources */ = {isa = PBXBuildFile; fileRef = BFD339682C2A7580007AAFF7 /* ducks-win.png */; };
		BFD3396E2C2A75E1007AAFF7 /* duck-r1.png in Resources */ = {isa = PBXBuildFile; fileRef = BFD3396D2C2A75E1007AAFF7 /* duck-r1.png */; };
		BFD339702C2A75F8007AAFF7 /* duck-r2.png in Resources */ = {isa = PBXBuildFile; fileRef = BFD3396F2C2A75F8007AAFF7 /* duck-r2.png */; };
		BFD339722C2A7604007AAFF7 /* duck-r3.png in Resources */ = {isa = PBXBuildFile; fileRef = BFD339712C2A7604007AAFF7 /* duck-r3.png */; };
		BFE6A3BB2C27B738007172EA /* Round-2.sks in Resources */ = {isa = PBXBuildFile; fileRef = BFE6A3BA2C27B738007172EA /* Round-2.sks */; };
		BFE6A3BF2C27B7F4007172EA /* ground-mid-r3.png in Resources */ = {isa = PBXBuildFile; fileRef = BFE6A3BD2C27B7F4007172EA /* ground-mid-r3.png */; };
		BFE6A3C02C27B7F4007172EA /* ground-mid-r2.png in Resources */ = {isa = PBXBuildFile; fileRef = BFE6A3BE2C27B7F4007172EA /* ground-mid-r2.png */; };
		BFE6A3C42C27B80F007172EA /* background-mid-r2.png in Resources */ = {isa = PBXBuildFile; fileRef = BFE6A3C22C27B80F007172EA /* background-mid-r2.png */; };
		BFE6A3C52C27B80F007172EA /* background-mid-r3.png in Resources */ = {isa = PBXBuildFile; fileRef = BFE6A3C32C27B80F007172EA /* background-mid-r3.png */; };
		BFE6A3C82C27B87B007172EA /* background-left-r2.png in Resources */ = {isa = PBXBuildFile; fileRef = BFE6A3C62C27B87B007172EA /* background-left-r2.png */; };
		BFE6A3C92C27B87B007172EA /* ground-left-r2.png in Resources */ = {isa = PBXBuildFile; fileRef = BFE6A3C72C27B87B007172EA /* ground-left-r2.png */; };
		BFE6A3CC2C27B885007172EA /* background-left-r3.png in Resources */ = {isa = PBXBuildFile; fileRef = BFE6A3CA2C27B884007172EA /* background-left-r3.png */; };
		BFE6A3CD2C27B885007172EA /* ground-left-r3.png in Resources */ = {isa = PBXBuildFile; fileRef = BFE6A3CB2C27B884007172EA /* ground-left-r3.png */; };
		BFE6A3D02C27B8C2007172EA /* ground-right-r2.png in Resources */ = {isa = PBXBuildFile; fileRef = BFE6A3CE2C27B8C2007172EA /* ground-right-r2.png */; };
		BFE6A3D12C27B8C2007172EA /* background-right-r2.png in Resources */ = {isa = PBXBuildFile; fileRef = BFE6A3CF2C27B8C2007172EA /* background-right-r2.png */; };
		BFE6A3D42C27B8D9007172EA /* background-right-r3.png in Resources */ = {isa = PBXBuildFile; fileRef = BFE6A3D22C27B8D9007172EA /* background-right-r3.png */; };
		BFE6A3D52C27B8D9007172EA /* ground-right-r3.png in Resources */ = {isa = PBXBuildFile; fileRef = BFE6A3D32C27B8D9007172EA /* ground-right-r3.png */; };
		BFE6A3D82C27DE84007172EA /* Round-3.sks in Resources */ = {isa = PBXBuildFile; fileRef = BFE6A3D72C27DE84007172EA /* Round-3.sks */; };
		BFE6A3DB2C27E9AD007172EA /* chicken-r2.png in Resources */ = {isa = PBXBuildFile; fileRef = BFE6A3D92C27E9AD007172EA /* chicken-r2.png */; };
		BFE6A3DF2C27E9B7007172EA /* chicken-r3.png in Resources */ = {isa = PBXBuildFile; fileRef = BFE6A3DD2C27E9B7007172EA /* chicken-r3.png */; };
		BFE6A3E22C27E9FB007172EA /* obstacle-r1.png in Resources */ = {isa = PBXBuildFile; fileRef = BFE6A3E12C27E9FB007172EA /* obstacle-r1.png */; };
		BFE6A3E42C27EA05007172EA /* obstacle-r2.png in Resources */ = {isa = PBXBuildFile; fileRef = BFE6A3E32C27EA05007172EA /* obstacle-r2.png */; };
		BFE6A3E62C27EA15007172EA /* obstacle-r3.png in Resources */ = {isa = PBXBuildFile; fileRef = BFE6A3E52C27EA15007172EA /* obstacle-r3.png */; };
		BFE6A3EB2C27EA58007172EA /* third.png in Resources */ = {isa = PBXBuildFile; fileRef = BFE6A3E82C27EA58007172EA /* third.png */; };
		BFE6A3EC2C27EA58007172EA /* first.png in Resources */ = {isa = PBXBuildFile; fileRef = BFE6A3E92C27EA58007172EA /* first.png */; };
		BFE6A3ED2C27EA58007172EA /* second.png in Resources */ = {isa = PBXBuildFile; fileRef = BFE6A3EA2C27EA58007172EA /* second.png */; };
		BFE6A4002C27EA9C007172EA /* punch-41105.mp3 in Resources */ = {isa = PBXBuildFile; fileRef = BFE6A3F02C27EA9B007172EA /* punch-41105.mp3 */; };
		BFE6A4012C27EA9C007172EA /* punch-140236.mp3 in Resources */ = {isa = PBXBuildFile; fileRef = BFE6A3F12C27EA9B007172EA /* punch-140236.mp3 */; };
		BFE6A4022C27EA9C007172EA /* power-punch-192118.mp3 in Resources */ = {isa = PBXBuildFile; fileRef = BFE6A3F22C27EA9B007172EA /* power-punch-192118.mp3 */; };
		BFE6A4032C27EA9C007172EA /* slingshot-1-40486.mp3 in Resources */ = {isa = PBXBuildFile; fileRef = BFE6A3F42C27EA9C007172EA /* slingshot-1-40486.mp3 */; };
		BFE6A4042C27EA9C007172EA /* slingshot-2-40485.mp3 in Resources */ = {isa = PBXBuildFile; fileRef = BFE6A3F52C27EA9C007172EA /* slingshot-2-40485.mp3 */; };
		BFE6A4052C27EA9C007172EA /* perfect-day-jazzband-180563.mp3 in Resources */ = {isa = PBXBuildFile; fileRef = BFE6A3F82C27EA9C007172EA /* perfect-day-jazzband-180563.mp3 */; };
		BFE6A4062C27EA9C007172EA /* upbeat-happy-jazz-162873.mp3 in Resources */ = {isa = PBXBuildFile; fileRef = BFE6A3F92C27EA9C007172EA /* upbeat-happy-jazz-162873.mp3 */; };
		BFE6A4072C27EA9C007172EA /* intergalactic-space-23014.mp3 in Resources */ = {isa = PBXBuildFile; fileRef = BFE6A3FB2C27EA9C007172EA /* intergalactic-space-23014.mp3 */; };
		BFE6A4082C27EA9C007172EA /* space-trip-114102.mp3 in Resources */ = {isa = PBXBuildFile; fileRef = BFE6A3FC2C27EA9C007172EA /* space-trip-114102.mp3 */; };
		BFE6A4092C27EA9C007172EA /* heroes-of-the-wild-west-126168.mp3 in Resources */ = {isa = PBXBuildFile; fileRef = BFE6A3FE2C27EA9C007172EA /* heroes-of-the-wild-west-126168.mp3 */; };
		BFE6A40A2C27EA9C007172EA /* farm-hands-fullmix-209424.mp3 in Resources */ = {isa = PBXBuildFile; fileRef = BFE6A3FF2C27EA9C007172EA /* farm-hands-fullmix-209424.mp3 */; };
/* End PBXBuildFile section */

/* Begin PBXFileReference section */
		4D5342DF2C2B10480081DF69 /* BombAttackDead.png */ = {isa = PBXFileReference; lastKnownFileType = image.png; name = BombAttackDead.png; path = ../../../../../../Downloads/BombAttackDead.png; sourceTree = "<group>"; };
		4D5342E12C2B10690081DF69 /* BombAttack.png */ = {isa = PBXFileReference; lastKnownFileType = image.png; name = BombAttack.png; path = ../../../../../../Downloads/BombAttack.png; sourceTree = "<group>"; };
		4D5342E32C2B16920081DF69 /* informationText.png */ = {isa = PBXFileReference; lastKnownFileType = image.png; name = informationText.png; path = ../../../../../../Downloads/informationText.png; sourceTree = "<group>"; };
		4D5342E52C2B1B560081DF69 /* ChangePositionDead.png */ = {isa = PBXFileReference; lastKnownFileType = image.png; name = ChangePositionDead.png; path = ../../../../../../Downloads/ChangePositionDead.png; sourceTree = "<group>"; };
		4D5342E72C2B1B7A0081DF69 /* ChangePosition.png */ = {isa = PBXFileReference; lastKnownFileType = image.png; name = ChangePosition.png; path = ../../../../../../Downloads/ChangePosition.png; sourceTree = "<group>"; };
		BF09EECF2C22C0D400421911 /* Weapon.swift */ = {isa = PBXFileReference; lastKnownFileType = sourcecode.swift; path = Weapon.swift; sourceTree = "<group>"; };
		BF09EED12C22C32200421911 /* Obstacle.swift */ = {isa = PBXFileReference; lastKnownFileType = sourcecode.swift; path = Obstacle.swift; sourceTree = "<group>"; };
		BF09EED32C22C41300421911 /* Character.swift */ = {isa = PBXFileReference; lastKnownFileType = sourcecode.swift; path = Character.swift; sourceTree = "<group>"; };
		BF09EED52C22C4A100421911 /* Player.swift */ = {isa = PBXFileReference; lastKnownFileType = sourcecode.swift; path = Player.swift; sourceTree = "<group>"; };
		BF2E4CC32C26FC8C006E7D18 /* background-mid-r1.png */ = {isa = PBXFileReference; lastKnownFileType = image.png; path = "background-mid-r1.png"; sourceTree = "<group>"; };
		BF2E4CC42C26FC8C006E7D18 /* ground-left-r1.png */ = {isa = PBXFileReference; lastKnownFileType = image.png; path = "ground-left-r1.png"; sourceTree = "<group>"; };
		BF2E4CC52C26FC8C006E7D18 /* ground-right-r1.png */ = {isa = PBXFileReference; lastKnownFileType = image.png; path = "ground-right-r1.png"; sourceTree = "<group>"; };
		BF2E4CC62C26FC8C006E7D18 /* background-left-r1.png */ = {isa = PBXFileReference; lastKnownFileType = image.png; path = "background-left-r1.png"; sourceTree = "<group>"; };
		BF2E4CC72C26FC8C006E7D18 /* background-right-r1.png */ = {isa = PBXFileReference; lastKnownFileType = image.png; path = "background-right-r1.png"; sourceTree = "<group>"; };
		BF2E4CC82C26FC8C006E7D18 /* ground-mid-r1.png */ = {isa = PBXFileReference; lastKnownFileType = image.png; path = "ground-mid-r1.png"; sourceTree = "<group>"; };
		BF2E4CD12C26FD09006E7D18 /* potato.png */ = {isa = PBXFileReference; lastKnownFileType = image.png; path = potato.png; sourceTree = "<group>"; };
		BF2E4CD22C26FD09006E7D18 /* potato-bomb.png */ = {isa = PBXFileReference; lastKnownFileType = image.png; path = "potato-bomb.png"; sourceTree = "<group>"; };
		BF2E4CD32C26FD09006E7D18 /* tomato-bomb.png */ = {isa = PBXFileReference; lastKnownFileType = image.png; path = "tomato-bomb.png"; sourceTree = "<group>"; };
		BF2E4CD42C26FD09006E7D18 /* tomato.png */ = {isa = PBXFileReference; lastKnownFileType = image.png; path = tomato.png; sourceTree = "<group>"; };
		BF4C7CA92C22826200F5E695 /* FarmFighters.app */ = {isa = PBXFileReference; explicitFileType = wrapper.application; includeInIndex = 0; path = FarmFighters.app; sourceTree = BUILT_PRODUCTS_DIR; };
		BF4C7CAC2C22826200F5E695 /* AppDelegate.swift */ = {isa = PBXFileReference; lastKnownFileType = sourcecode.swift; path = AppDelegate.swift; sourceTree = "<group>"; };
		BF4C7CB72C22826200F5E695 /* Base */ = {isa = PBXFileReference; lastKnownFileType = file.storyboard; name = Base; path = Base.lproj/Main.storyboard; sourceTree = "<group>"; };
		BF4C7CB92C22826300F5E695 /* Assets.xcassets */ = {isa = PBXFileReference; lastKnownFileType = folder.assetcatalog; path = Assets.xcassets; sourceTree = "<group>"; };
		BF4C7CBC2C22826300F5E695 /* Base */ = {isa = PBXFileReference; lastKnownFileType = file.storyboard; name = Base; path = Base.lproj/LaunchScreen.storyboard; sourceTree = "<group>"; };
		BF4C7CC52C2282A300F5E695 /* heart-on.png */ = {isa = PBXFileReference; lastKnownFileType = image.png; path = "heart-on.png"; sourceTree = "<group>"; };
		BF4C7CCD2C2282A300F5E695 /* chicken-r1.png */ = {isa = PBXFileReference; lastKnownFileType = image.png; path = "chicken-r1.png"; sourceTree = "<group>"; };
		BF4C7CD12C2282A300F5E695 /* heart-half.png */ = {isa = PBXFileReference; lastKnownFileType = image.png; path = "heart-half.png"; sourceTree = "<group>"; };
		BF4C7CD22C2282A300F5E695 /* heart-off.png */ = {isa = PBXFileReference; lastKnownFileType = image.png; path = "heart-off.png"; sourceTree = "<group>"; };
		BF4C7CE12C2282AF00F5E695 /* Round-1.sks */ = {isa = PBXFileReference; lastKnownFileType = file.sks; path = "Round-1.sks"; sourceTree = "<group>"; };
		BF4C7CE22C2282AF00F5E695 /* GameScene.swift */ = {isa = PBXFileReference; fileEncoding = 4; lastKnownFileType = sourcecode.swift; path = GameScene.swift; sourceTree = "<group>"; };
		BF4C7CE52C2282BB00F5E695 /* GameViewController.swift */ = {isa = PBXFileReference; fileEncoding = 4; lastKnownFileType = sourcecode.swift; path = GameViewController.swift; sourceTree = "<group>"; };
		BF4C7CE92C2282C200F5E695 /* PhysicsCategory.swift */ = {isa = PBXFileReference; fileEncoding = 4; lastKnownFileType = sourcecode.swift; path = PhysicsCategory.swift; sourceTree = "<group>"; };
		BFC43A5B2C2ABC390033DE13 /* SKTAudio.swift */ = {isa = PBXFileReference; lastKnownFileType = sourcecode.swift; path = SKTAudio.swift; sourceTree = "<group>"; };
		BFC43A5D2C2ABC850033DE13 /* SKAction+Ext.swift */ = {isa = PBXFileReference; lastKnownFileType = sourcecode.swift; path = "SKAction+Ext.swift"; sourceTree = "<group>"; };
		BFC43A5F2C2ABD660033DE13 /* aiming.mp3 */ = {isa = PBXFileReference; lastKnownFileType = audio.mp3; path = aiming.mp3; sourceTree = "<group>"; };
		BFC43A602C2ABD660033DE13 /* bomb-hit-and-explosion.mp3 */ = {isa = PBXFileReference; lastKnownFileType = audio.mp3; path = "bomb-hit-and-explosion.mp3"; sourceTree = "<group>"; };
		BFC43A632C2ABD6E0033DE13 /* musicLevel1.mp3 */ = {isa = PBXFileReference; lastKnownFileType = audio.mp3; path = musicLevel1.mp3; sourceTree = "<group>"; };
		BFC43A642C2ABD6F0033DE13 /* musicLevel2.mp3 */ = {isa = PBXFileReference; lastKnownFileType = audio.mp3; path = musicLevel2.mp3; sourceTree = "<group>"; };
		BFC43A672C2ABD7E0033DE13 /* shoot.mp3 */ = {isa = PBXFileReference; lastKnownFileType = audio.mp3; path = shoot.mp3; sourceTree = "<group>"; };
		BFC43A682C2ABD7E0033DE13 /* stone-hit.mp3 */ = {isa = PBXFileReference; lastKnownFileType = audio.mp3; path = "stone-hit.mp3"; sourceTree = "<group>"; };
		BFD3395E2C2A74D5007AAFF7 /* round-r3.png */ = {isa = PBXFileReference; lastKnownFileType = image.png; path = "round-r3.png"; sourceTree = "<group>"; };
		BFD339602C2A74E9007AAFF7 /* round-r1.png */ = {isa = PBXFileReference; lastKnownFileType = image.png; path = "round-r1.png"; sourceTree = "<group>"; };
		BFD339622C2A74FE007AAFF7 /* round-r2.png */ = {isa = PBXFileReference; lastKnownFileType = image.png; path = "round-r2.png"; sourceTree = "<group>"; };
		BFD339652C2A757F007AAFF7 /* chickens-victory.png */ = {isa = PBXFileReference; explicitFileType = image.png; path = "chickens-victory.png"; sourceTree = "<group>"; };
		BFD339662C2A7580007AAFF7 /* ducks-victory.png */ = {isa = PBXFileReference; explicitFileType = image.png; path = "ducks-victory.png"; sourceTree = "<group>"; };
		BFD339672C2A7580007AAFF7 /* chickens-win.png */ = {isa = PBXFileReference; lastKnownFileType = image.png; path = "chickens-win.png"; sourceTree = "<group>"; };
		BFD339682C2A7580007AAFF7 /* ducks-win.png */ = {isa = PBXFileReference; lastKnownFileType = image.png; path = "ducks-win.png"; sourceTree = "<group>"; };
		BFD3396D2C2A75E1007AAFF7 /* duck-r1.png */ = {isa = PBXFileReference; lastKnownFileType = image.png; path = "duck-r1.png"; sourceTree = "<group>"; };
		BFD3396F2C2A75F8007AAFF7 /* duck-r2.png */ = {isa = PBXFileReference; lastKnownFileType = image.png; path = "duck-r2.png"; sourceTree = "<group>"; };
		BFD339712C2A7604007AAFF7 /* duck-r3.png */ = {isa = PBXFileReference; lastKnownFileType = image.png; path = "duck-r3.png"; sourceTree = "<group>"; };
		BFE6A3BA2C27B738007172EA /* Round-2.sks */ = {isa = PBXFileReference; lastKnownFileType = file.sks; path = "Round-2.sks"; sourceTree = "<group>"; };
		BFE6A3BD2C27B7F4007172EA /* ground-mid-r3.png */ = {isa = PBXFileReference; lastKnownFileType = image.png; path = "ground-mid-r3.png"; sourceTree = "<group>"; };
		BFE6A3BE2C27B7F4007172EA /* ground-mid-r2.png */ = {isa = PBXFileReference; lastKnownFileType = image.png; path = "ground-mid-r2.png"; sourceTree = "<group>"; };
		BFE6A3C22C27B80F007172EA /* background-mid-r2.png */ = {isa = PBXFileReference; lastKnownFileType = image.png; path = "background-mid-r2.png"; sourceTree = "<group>"; };
		BFE6A3C32C27B80F007172EA /* background-mid-r3.png */ = {isa = PBXFileReference; lastKnownFileType = image.png; path = "background-mid-r3.png"; sourceTree = "<group>"; };
		BFE6A3C62C27B87B007172EA /* background-left-r2.png */ = {isa = PBXFileReference; lastKnownFileType = image.png; path = "background-left-r2.png"; sourceTree = "<group>"; };
		BFE6A3C72C27B87B007172EA /* ground-left-r2.png */ = {isa = PBXFileReference; lastKnownFileType = image.png; path = "ground-left-r2.png"; sourceTree = "<group>"; };
		BFE6A3CA2C27B884007172EA /* background-left-r3.png */ = {isa = PBXFileReference; lastKnownFileType = image.png; path = "background-left-r3.png"; sourceTree = "<group>"; };
		BFE6A3CB2C27B884007172EA /* ground-left-r3.png */ = {isa = PBXFileReference; lastKnownFileType = image.png; path = "ground-left-r3.png"; sourceTree = "<group>"; };
		BFE6A3CE2C27B8C2007172EA /* ground-right-r2.png */ = {isa = PBXFileReference; lastKnownFileType = image.png; path = "ground-right-r2.png"; sourceTree = "<group>"; };
		BFE6A3CF2C27B8C2007172EA /* background-right-r2.png */ = {isa = PBXFileReference; lastKnownFileType = image.png; path = "background-right-r2.png"; sourceTree = "<group>"; };
		BFE6A3D22C27B8D9007172EA /* background-right-r3.png */ = {isa = PBXFileReference; lastKnownFileType = image.png; path = "background-right-r3.png"; sourceTree = "<group>"; };
		BFE6A3D32C27B8D9007172EA /* ground-right-r3.png */ = {isa = PBXFileReference; lastKnownFileType = image.png; path = "ground-right-r3.png"; sourceTree = "<group>"; };
		BFE6A3D72C27DE84007172EA /* Round-3.sks */ = {isa = PBXFileReference; lastKnownFileType = file.sks; path = "Round-3.sks"; sourceTree = "<group>"; };
		BFE6A3D92C27E9AD007172EA /* chicken-r2.png */ = {isa = PBXFileReference; lastKnownFileType = image.png; path = "chicken-r2.png"; sourceTree = "<group>"; };
		BFE6A3DD2C27E9B7007172EA /* chicken-r3.png */ = {isa = PBXFileReference; lastKnownFileType = image.png; path = "chicken-r3.png"; sourceTree = "<group>"; };
		BFE6A3E12C27E9FB007172EA /* obstacle-r1.png */ = {isa = PBXFileReference; lastKnownFileType = image.png; path = "obstacle-r1.png"; sourceTree = "<group>"; };
		BFE6A3E32C27EA05007172EA /* obstacle-r2.png */ = {isa = PBXFileReference; lastKnownFileType = image.png; path = "obstacle-r2.png"; sourceTree = "<group>"; };
		BFE6A3E52C27EA15007172EA /* obstacle-r3.png */ = {isa = PBXFileReference; lastKnownFileType = image.png; path = "obstacle-r3.png"; sourceTree = "<group>"; };
		BFE6A3E82C27EA58007172EA /* third.png */ = {isa = PBXFileReference; lastKnownFileType = image.png; path = third.png; sourceTree = "<group>"; };
		BFE6A3E92C27EA58007172EA /* first.png */ = {isa = PBXFileReference; lastKnownFileType = image.png; path = first.png; sourceTree = "<group>"; };
		BFE6A3EA2C27EA58007172EA /* second.png */ = {isa = PBXFileReference; lastKnownFileType = image.png; path = second.png; sourceTree = "<group>"; };
		BFE6A3F02C27EA9B007172EA /* punch-41105.mp3 */ = {isa = PBXFileReference; lastKnownFileType = audio.mp3; path = "punch-41105.mp3"; sourceTree = "<group>"; };
		BFE6A3F12C27EA9B007172EA /* punch-140236.mp3 */ = {isa = PBXFileReference; lastKnownFileType = audio.mp3; path = "punch-140236.mp3"; sourceTree = "<group>"; };
		BFE6A3F22C27EA9B007172EA /* power-punch-192118.mp3 */ = {isa = PBXFileReference; lastKnownFileType = audio.mp3; path = "power-punch-192118.mp3"; sourceTree = "<group>"; };
		BFE6A3F42C27EA9C007172EA /* slingshot-1-40486.mp3 */ = {isa = PBXFileReference; lastKnownFileType = audio.mp3; path = "slingshot-1-40486.mp3"; sourceTree = "<group>"; };
		BFE6A3F52C27EA9C007172EA /* slingshot-2-40485.mp3 */ = {isa = PBXFileReference; lastKnownFileType = audio.mp3; path = "slingshot-2-40485.mp3"; sourceTree = "<group>"; };
		BFE6A3F82C27EA9C007172EA /* perfect-day-jazzband-180563.mp3 */ = {isa = PBXFileReference; lastKnownFileType = audio.mp3; path = "perfect-day-jazzband-180563.mp3"; sourceTree = "<group>"; };
		BFE6A3F92C27EA9C007172EA /* upbeat-happy-jazz-162873.mp3 */ = {isa = PBXFileReference; lastKnownFileType = audio.mp3; path = "upbeat-happy-jazz-162873.mp3"; sourceTree = "<group>"; };
		BFE6A3FB2C27EA9C007172EA /* intergalactic-space-23014.mp3 */ = {isa = PBXFileReference; lastKnownFileType = audio.mp3; path = "intergalactic-space-23014.mp3"; sourceTree = "<group>"; };
		BFE6A3FC2C27EA9C007172EA /* space-trip-114102.mp3 */ = {isa = PBXFileReference; lastKnownFileType = audio.mp3; path = "space-trip-114102.mp3"; sourceTree = "<group>"; };
		BFE6A3FE2C27EA9C007172EA /* heroes-of-the-wild-west-126168.mp3 */ = {isa = PBXFileReference; lastKnownFileType = audio.mp3; path = "heroes-of-the-wild-west-126168.mp3"; sourceTree = "<group>"; };
		BFE6A3FF2C27EA9C007172EA /* farm-hands-fullmix-209424.mp3 */ = {isa = PBXFileReference; lastKnownFileType = audio.mp3; path = "farm-hands-fullmix-209424.mp3"; sourceTree = "<group>"; };
/* End PBXFileReference section */

/* Begin PBXFrameworksBuildPhase section */
		BF4C7CA62C22826200F5E695 /* Frameworks */ = {
			isa = PBXFrameworksBuildPhase;
			buildActionMask = 2147483647;
			files = (
			);
			runOnlyForDeploymentPostprocessing = 0;
		};
/* End PBXFrameworksBuildPhase section */

/* Begin PBXGroup section */
		BF09EECE2C22C0B900421911 /* Model */ = {
			isa = PBXGroup;
			children = (
				BF09EECF2C22C0D400421911 /* Weapon.swift */,
				BF09EED12C22C32200421911 /* Obstacle.swift */,
				BF09EED32C22C41300421911 /* Character.swift */,
				BF09EED52C22C4A100421911 /* Player.swift */,
			);
			path = Model;
			sourceTree = "<group>";
		};
		BF2E4CD02C26FCFD006E7D18 /* Weapons */ = {
			isa = PBXGroup;
			children = (
				BF2E4CD12C26FD09006E7D18 /* potato.png */,
				BF2E4CD22C26FD09006E7D18 /* potato-bomb.png */,
				BF2E4CD42C26FD09006E7D18 /* tomato.png */,
				BF2E4CD32C26FD09006E7D18 /* tomato-bomb.png */,
			);
			path = Weapons;
			sourceTree = "<group>";
		};
		BF4C7CA02C22826200F5E695 = {
			isa = PBXGroup;
			children = (
				BF4C7CAB2C22826200F5E695 /* FarmFighters */,
				BF4C7CAA2C22826200F5E695 /* Products */,
			);
			sourceTree = "<group>";
		};
		BF4C7CAA2C22826200F5E695 /* Products */ = {
			isa = PBXGroup;
			children = (
				BF4C7CA92C22826200F5E695 /* FarmFighters.app */,
			);
			name = Products;
			sourceTree = "<group>";
		};
		BF4C7CAB2C22826200F5E695 /* FarmFighters */ = {
			isa = PBXGroup;
			children = (
				BFE6A3D62C27DC38007172EA /* Scenes */,
				BF09EECE2C22C0B900421911 /* Model */,
				BF4C7CC32C2282A300F5E695 /* Assets */,
				BF4C7CAC2C22826200F5E695 /* AppDelegate.swift */,
				BF4C7CE22C2282AF00F5E695 /* GameScene.swift */,
				BF4C7CE52C2282BB00F5E695 /* GameViewController.swift */,
				BF4C7CE92C2282C200F5E695 /* PhysicsCategory.swift */,
				BFC43A592C2ABC0E0033DE13 /* Sound */,
				BF4C7CB62C22826200F5E695 /* Main.storyboard */,
				BF4C7CB92C22826300F5E695 /* Assets.xcassets */,
				BF4C7CBB2C22826300F5E695 /* LaunchScreen.storyboard */,
			);
			path = FarmFighters;
			sourceTree = "<group>";
		};
		BF4C7CC32C2282A300F5E695 /* Assets */ = {
			isa = PBXGroup;
			children = (
				BFD339642C2A756F007AAFF7 /* Others */,
				BFE6A3EE2C27EA82007172EA /* Sound */,
				BF4C7CC92C2282A300F5E695 /* Round-1 */,
				BFE6A3BC2C27B74B007172EA /* Round-2 */,
				BFE6A3C12C27B7F8007172EA /* Round-3 */,
				BF2E4CD02C26FCFD006E7D18 /* Weapons */,
				BFE6A3E72C27EA3D007172EA /* Cutscene */,
				BF4C7CC52C2282A300F5E695 /* heart-on.png */,
				4D5342E32C2B16920081DF69 /* informationText.png */,
				4D5342E52C2B1B560081DF69 /* ChangePositionDead.png */,
				4D5342E72C2B1B7A0081DF69 /* ChangePosition.png */,
				4D5342DF2C2B10480081DF69 /* BombAttackDead.png */,
				4D5342E12C2B10690081DF69 /* BombAttack.png */,
				BF4C7CD12C2282A300F5E695 /* heart-half.png */,
				BF4C7CD22C2282A300F5E695 /* heart-off.png */,
			);
			path = Assets;
			sourceTree = "<group>";
		};
		BF4C7CC92C2282A300F5E695 /* Round-1 */ = {
			isa = PBXGroup;
			children = (
				BFD3396D2C2A75E1007AAFF7 /* duck-r1.png */,
				BF4C7CCD2C2282A300F5E695 /* chicken-r1.png */,
				BF2E4CC62C26FC8C006E7D18 /* background-left-r1.png */,
				BF2E4CC32C26FC8C006E7D18 /* background-mid-r1.png */,
				BF2E4CC72C26FC8C006E7D18 /* background-right-r1.png */,
				BF2E4CC42C26FC8C006E7D18 /* ground-left-r1.png */,
				BF2E4CC82C26FC8C006E7D18 /* ground-mid-r1.png */,
				BF2E4CC52C26FC8C006E7D18 /* ground-right-r1.png */,
				BFE6A3E12C27E9FB007172EA /* obstacle-r1.png */,
				BFD339602C2A74E9007AAFF7 /* round-r1.png */,
			);
			path = "Round-1";
			sourceTree = "<group>";
		};
		BFC43A592C2ABC0E0033DE13 /* Sound */ = {
			isa = PBXGroup;
			children = (
				BFC43A5A2C2ABC180033DE13 /* Utils */,
			);
			path = Sound;
			sourceTree = "<group>";
		};
		BFC43A5A2C2ABC180033DE13 /* Utils */ = {
			isa = PBXGroup;
			children = (
				BFC43A5B2C2ABC390033DE13 /* SKTAudio.swift */,
				BFC43A5D2C2ABC850033DE13 /* SKAction+Ext.swift */,
				BFC43A5F2C2ABD660033DE13 /* aiming.mp3 */,
				BFC43A632C2ABD6E0033DE13 /* musicLevel1.mp3 */,
				BFC43A642C2ABD6F0033DE13 /* musicLevel2.mp3 */,
				BFC43A672C2ABD7E0033DE13 /* shoot.mp3 */,
				BFC43A682C2ABD7E0033DE13 /* stone-hit.mp3 */,
				BFC43A602C2ABD660033DE13 /* bomb-hit-and-explosion.mp3 */,
			);
			path = Utils;
			sourceTree = "<group>";
		};
		BFD339642C2A756F007AAFF7 /* Others */ = {
			isa = PBXGroup;
			children = (
				BFD339672C2A7580007AAFF7 /* chickens-win.png */,
				BFD339682C2A7580007AAFF7 /* ducks-win.png */,
				BFD339652C2A757F007AAFF7 /* chickens-victory.png */,
				BFD339662C2A7580007AAFF7 /* ducks-victory.png */,
			);
			path = Others;
			sourceTree = "<group>";
		};
		BFE6A3BC2C27B74B007172EA /* Round-2 */ = {
			isa = PBXGroup;
			children = (
				BFD3396F2C2A75F8007AAFF7 /* duck-r2.png */,
				BFE6A3D92C27E9AD007172EA /* chicken-r2.png */,
				BFE6A3C62C27B87B007172EA /* background-left-r2.png */,
				BFE6A3C22C27B80F007172EA /* background-mid-r2.png */,
				BFE6A3CF2C27B8C2007172EA /* background-right-r2.png */,
				BFE6A3C72C27B87B007172EA /* ground-left-r2.png */,
				BFE6A3BE2C27B7F4007172EA /* ground-mid-r2.png */,
				BFE6A3CE2C27B8C2007172EA /* ground-right-r2.png */,
				BFE6A3E32C27EA05007172EA /* obstacle-r2.png */,
				BFD339622C2A74FE007AAFF7 /* round-r2.png */,
			);
			path = "Round-2";
			sourceTree = "<group>";
		};
		BFE6A3C12C27B7F8007172EA /* Round-3 */ = {
			isa = PBXGroup;
			children = (
				BFD339712C2A7604007AAFF7 /* duck-r3.png */,
				BFE6A3DD2C27E9B7007172EA /* chicken-r3.png */,
				BFE6A3CA2C27B884007172EA /* background-left-r3.png */,
				BFE6A3C32C27B80F007172EA /* background-mid-r3.png */,
				BFE6A3D22C27B8D9007172EA /* background-right-r3.png */,
				BFE6A3CB2C27B884007172EA /* ground-left-r3.png */,
				BFE6A3BD2C27B7F4007172EA /* ground-mid-r3.png */,
				BFE6A3D32C27B8D9007172EA /* ground-right-r3.png */,
				BFE6A3E52C27EA15007172EA /* obstacle-r3.png */,
				BFD3395E2C2A74D5007AAFF7 /* round-r3.png */,
			);
			path = "Round-3";
			sourceTree = "<group>";
		};
		BFE6A3D62C27DC38007172EA /* Scenes */ = {
			isa = PBXGroup;
			children = (
				BF4C7CE12C2282AF00F5E695 /* Round-1.sks */,
				BFE6A3BA2C27B738007172EA /* Round-2.sks */,
				BFE6A3D72C27DE84007172EA /* Round-3.sks */,
			);
			path = Scenes;
			sourceTree = "<group>";
		};
		BFE6A3E72C27EA3D007172EA /* Cutscene */ = {
			isa = PBXGroup;
			children = (
				BFE6A3E92C27EA58007172EA /* first.png */,
				BFE6A3EA2C27EA58007172EA /* second.png */,
				BFE6A3E82C27EA58007172EA /* third.png */,
			);
			path = Cutscene;
			sourceTree = "<group>";
		};
		BFE6A3EE2C27EA82007172EA /* Sound */ = {
			isa = PBXGroup;
			children = (
				BFE6A3EF2C27EA9B007172EA /* Hit */,
				BFE6A3F62C27EA9C007172EA /* Music */,
				BFE6A3F32C27EA9C007172EA /* Throw */,
			);
			path = Sound;
			sourceTree = "<group>";
		};
		BFE6A3EF2C27EA9B007172EA /* Hit */ = {
			isa = PBXGroup;
			children = (
				BFE6A3F02C27EA9B007172EA /* punch-41105.mp3 */,
				BFE6A3F12C27EA9B007172EA /* punch-140236.mp3 */,
				BFE6A3F22C27EA9B007172EA /* power-punch-192118.mp3 */,
			);
			path = Hit;
			sourceTree = "<group>";
		};
		BFE6A3F32C27EA9C007172EA /* Throw */ = {
			isa = PBXGroup;
			children = (
				BFE6A3F42C27EA9C007172EA /* slingshot-1-40486.mp3 */,
				BFE6A3F52C27EA9C007172EA /* slingshot-2-40485.mp3 */,
			);
			path = Throw;
			sourceTree = "<group>";
		};
		BFE6A3F62C27EA9C007172EA /* Music */ = {
			isa = PBXGroup;
			children = (
				BFE6A3F72C27EA9C007172EA /* Level 2 */,
				BFE6A3FA2C27EA9C007172EA /* Level 3 */,
				BFE6A3FD2C27EA9C007172EA /* Level 1 */,
			);
			path = Music;
			sourceTree = "<group>";
		};
		BFE6A3F72C27EA9C007172EA /* Level 2 */ = {
			isa = PBXGroup;
			children = (
				BFE6A3F82C27EA9C007172EA /* perfect-day-jazzband-180563.mp3 */,
				BFE6A3F92C27EA9C007172EA /* upbeat-happy-jazz-162873.mp3 */,
			);
			path = "Level 2";
			sourceTree = "<group>";
		};
		BFE6A3FA2C27EA9C007172EA /* Level 3 */ = {
			isa = PBXGroup;
			children = (
				BFE6A3FB2C27EA9C007172EA /* intergalactic-space-23014.mp3 */,
				BFE6A3FC2C27EA9C007172EA /* space-trip-114102.mp3 */,
			);
			path = "Level 3";
			sourceTree = "<group>";
		};
		BFE6A3FD2C27EA9C007172EA /* Level 1 */ = {
			isa = PBXGroup;
			children = (
				BFE6A3FE2C27EA9C007172EA /* heroes-of-the-wild-west-126168.mp3 */,
				BFE6A3FF2C27EA9C007172EA /* farm-hands-fullmix-209424.mp3 */,
			);
			path = "Level 1";
			sourceTree = "<group>";
		};
/* End PBXGroup section */

/* Begin PBXNativeTarget section */
		BF4C7CA82C22826200F5E695 /* FarmFighters */ = {
			isa = PBXNativeTarget;
			buildConfigurationList = BF4C7CC02C22826300F5E695 /* Build configuration list for PBXNativeTarget "FarmFighters" */;
			buildPhases = (
				BF4C7CA52C22826200F5E695 /* Sources */,
				BF4C7CA62C22826200F5E695 /* Frameworks */,
				BF4C7CA72C22826200F5E695 /* Resources */,
			);
			buildRules = (
			);
			dependencies = (
			);
			name = FarmFighters;
			productName = FarmFighters;
			productReference = BF4C7CA92C22826200F5E695 /* FarmFighters.app */;
			productType = "com.apple.product-type.application";
		};
/* End PBXNativeTarget section */

/* Begin PBXProject section */
		BF4C7CA12C22826200F5E695 /* Project object */ = {
			isa = PBXProject;
			attributes = {
				BuildIndependentTargetsInParallel = 1;
				LastSwiftUpdateCheck = 1520;
				LastUpgradeCheck = 1520;
				TargetAttributes = {
					BF4C7CA82C22826200F5E695 = {
						CreatedOnToolsVersion = 15.2;
					};
				};
			};
			buildConfigurationList = BF4C7CA42C22826200F5E695 /* Build configuration list for PBXProject "FarmFighters" */;
			compatibilityVersion = "Xcode 14.0";
			developmentRegion = en;
			hasScannedForEncodings = 0;
			knownRegions = (
				en,
				Base,
			);
			mainGroup = BF4C7CA02C22826200F5E695;
			productRefGroup = BF4C7CAA2C22826200F5E695 /* Products */;
			projectDirPath = "";
			projectRoot = "";
			targets = (
				BF4C7CA82C22826200F5E695 /* FarmFighters */,
			);
		};
/* End PBXProject section */

/* Begin PBXResourcesBuildPhase section */
		BF4C7CA72C22826200F5E695 /* Resources */ = {
			isa = PBXResourcesBuildPhase;
			buildActionMask = 2147483647;
			files = (
				4D5342E82C2B1B7A0081DF69 /* ChangePosition.png in Resources */,
				BFE6A3CD2C27B885007172EA /* ground-left-r3.png in Resources */,
				BF2E4CD52C26FD09006E7D18 /* potato.png in Resources */,
				BFE6A4002C27EA9C007172EA /* punch-41105.mp3 in Resources */,
				BF2E4CD62C26FD09006E7D18 /* potato-bomb.png in Resources */,
				BFD339632C2A74FE007AAFF7 /* round-r2.png in Resources */,
				4D5342E22C2B10690081DF69 /* BombAttack.png in Resources */,
				BFE6A3E22C27E9FB007172EA /* obstacle-r1.png in Resources */,
				BFE6A3D02C27B8C2007172EA /* ground-right-r2.png in Resources */,
				BFE6A4062C27EA9C007172EA /* upbeat-happy-jazz-162873.mp3 in Resources */,
				BFD339612C2A74E9007AAFF7 /* round-r1.png in Resources */,
				BFC43A6A2C2ABD7E0033DE13 /* stone-hit.mp3 in Resources */,
				BFE6A40A2C27EA9C007172EA /* farm-hands-fullmix-209424.mp3 in Resources */,
				BF4C7CE02C2282A300F5E695 /* heart-off.png in Resources */,
				BFE6A4022C27EA9C007172EA /* power-punch-192118.mp3 in Resources */,
				BFC43A692C2ABD7E0033DE13 /* shoot.mp3 in Resources */,
				BFE6A3C42C27B80F007172EA /* background-mid-r2.png in Resources */,
				BFD339692C2A7580007AAFF7 /* chickens-victory.png in Resources */,
				BFD3396C2C2A7580007AAFF7 /* ducks-win.png in Resources */,
				BFE6A3C52C27B80F007172EA /* background-mid-r3.png in Resources */,
				BFE6A4052C27EA9C007172EA /* perfect-day-jazzband-180563.mp3 in Resources */,
				BFE6A4012C27EA9C007172EA /* punch-140236.mp3 in Resources */,
				BFE6A4042C27EA9C007172EA /* slingshot-2-40485.mp3 in Resources */,
				BFE6A3DF2C27E9B7007172EA /* chicken-r3.png in Resources */,
				BF2E4CCB2C26FC8C006E7D18 /* ground-right-r1.png in Resources */,
				BFE6A4092C27EA9C007172EA /* heroes-of-the-wild-west-126168.mp3 in Resources */,
				BFE6A3C02C27B7F4007172EA /* ground-mid-r2.png in Resources */,
				BFD339722C2A7604007AAFF7 /* duck-r3.png in Resources */,
				BFD339702C2A75F8007AAFF7 /* duck-r2.png in Resources */,
				BFE6A3E62C27EA15007172EA /* obstacle-r3.png in Resources */,
				BF4C7CB82C22826200F5E695 /* Main.storyboard in Resources */,
				BF4C7CDB2C2282A300F5E695 /* chicken-r1.png in Resources */,
				BF2E4CCA2C26FC8C006E7D18 /* ground-left-r1.png in Resources */,
				4D5342E62C2B1B560081DF69 /* ChangePositionDead.png in Resources */,
				BFE6A3EC2C27EA58007172EA /* first.png in Resources */,
				BFE6A3D82C27DE84007172EA /* Round-3.sks in Resources */,
				BFE6A3EB2C27EA58007172EA /* third.png in Resources */,
				BF2E4CC92C26FC8C006E7D18 /* background-mid-r1.png in Resources */,
				BF4C7CD42C2282A300F5E695 /* heart-on.png in Resources */,
				BF4C7CBA2C22826300F5E695 /* Assets.xcassets in Resources */,
				BFE6A3C92C27B87B007172EA /* ground-left-r2.png in Resources */,
				BF2E4CCD2C26FC8C006E7D18 /* background-right-r1.png in Resources */,
				BFC43A652C2ABD6F0033DE13 /* musicLevel1.mp3 in Resources */,
				BFE6A4082C27EA9C007172EA /* space-trip-114102.mp3 in Resources */,
				BFE6A3C82C27B87B007172EA /* background-left-r2.png in Resources */,
				BF2E4CCC2C26FC8C006E7D18 /* background-left-r1.png in Resources */,
				4D5342E02C2B10480081DF69 /* BombAttackDead.png in Resources */,
				BF2E4CD72C26FD09006E7D18 /* tomato-bomb.png in Resources */,
				BFC43A662C2ABD6F0033DE13 /* musicLevel2.mp3 in Resources */,
				BFD3396A2C2A7580007AAFF7 /* ducks-victory.png in Resources */,
				BFE6A4072C27EA9C007172EA /* intergalactic-space-23014.mp3 in Resources */,
				BFE6A3D12C27B8C2007172EA /* background-right-r2.png in Resources */,
				BFE6A3D52C27B8D9007172EA /* ground-right-r3.png in Resources */,
				BF4C7CBD2C22826300F5E695 /* LaunchScreen.storyboard in Resources */,
				BF4C7CDF2C2282A300F5E695 /* heart-half.png in Resources */,
				BF4C7CE32C2282AF00F5E695 /* Round-1.sks in Resources */,
				BF2E4CCE2C26FC8C006E7D18 /* ground-mid-r1.png in Resources */,
				BFD3396E2C2A75E1007AAFF7 /* duck-r1.png in Resources */,
				BFC43A622C2ABD660033DE13 /* bomb-hit-and-explosion.mp3 in Resources */,
				BFE6A3BB2C27B738007172EA /* Round-2.sks in Resources */,
				BFE6A3D42C27B8D9007172EA /* background-right-r3.png in Resources */,
				BF2E4CD82C26FD09006E7D18 /* tomato.png in Resources */,
				BFD3395F2C2A74D5007AAFF7 /* round-r3.png in Resources */,
				4D5342E42C2B16920081DF69 /* informationText.png in Resources */,
				BFE6A4032C27EA9C007172EA /* slingshot-1-40486.mp3 in Resources */,
				BFD3396B2C2A7580007AAFF7 /* chickens-win.png in Resources */,
				BFE6A3CC2C27B885007172EA /* background-left-r3.png in Resources */,
				BFE6A3BF2C27B7F4007172EA /* ground-mid-r3.png in Resources */,
				BFE6A3ED2C27EA58007172EA /* second.png in Resources */,
				BFE6A3DB2C27E9AD007172EA /* chicken-r2.png in Resources */,
				BFC43A612C2ABD660033DE13 /* aiming.mp3 in Resources */,
				BFE6A3E42C27EA05007172EA /* obstacle-r2.png in Resources */,
			);
			runOnlyForDeploymentPostprocessing = 0;
		};
/* End PBXResourcesBuildPhase section */

/* Begin PBXSourcesBuildPhase section */
		BF4C7CA52C22826200F5E695 /* Sources */ = {
			isa = PBXSourcesBuildPhase;
			buildActionMask = 2147483647;
			files = (
				BF09EED22C22C32200421911 /* Obstacle.swift in Sources */,
				BFC43A5E2C2ABC850033DE13 /* SKAction+Ext.swift in Sources */,
				BF4C7CE42C2282AF00F5E695 /* GameScene.swift in Sources */,
				BF4C7CE72C2282BB00F5E695 /* GameViewController.swift in Sources */,
				BFC43A5C2C2ABC390033DE13 /* SKTAudio.swift in Sources */,
				BF4C7CEA2C2282C200F5E695 /* PhysicsCategory.swift in Sources */,
				BF4C7CAD2C22826200F5E695 /* AppDelegate.swift in Sources */,
				BF09EED02C22C0D400421911 /* Weapon.swift in Sources */,
				BF09EED62C22C4A100421911 /* Player.swift in Sources */,
				BF09EED42C22C41300421911 /* Character.swift in Sources */,
			);
			runOnlyForDeploymentPostprocessing = 0;
		};
/* End PBXSourcesBuildPhase section */

/* Begin PBXVariantGroup section */
		BF4C7CB62C22826200F5E695 /* Main.storyboard */ = {
			isa = PBXVariantGroup;
			children = (
				BF4C7CB72C22826200F5E695 /* Base */,
			);
			name = Main.storyboard;
			sourceTree = "<group>";
		};
		BF4C7CBB2C22826300F5E695 /* LaunchScreen.storyboard */ = {
			isa = PBXVariantGroup;
			children = (
				BF4C7CBC2C22826300F5E695 /* Base */,
			);
			name = LaunchScreen.storyboard;
			sourceTree = "<group>";
		};
/* End PBXVariantGroup section */

/* Begin XCBuildConfiguration section */
		BF4C7CBE2C22826300F5E695 /* Debug */ = {
			isa = XCBuildConfiguration;
			buildSettings = {
				ALWAYS_SEARCH_USER_PATHS = NO;
				ASSETCATALOG_COMPILER_GENERATE_SWIFT_ASSET_SYMBOL_EXTENSIONS = YES;
				CLANG_ANALYZER_NONNULL = YES;
				CLANG_ANALYZER_NUMBER_OBJECT_CONVERSION = YES_AGGRESSIVE;
				CLANG_CXX_LANGUAGE_STANDARD = "gnu++20";
				CLANG_ENABLE_MODULES = YES;
				CLANG_ENABLE_OBJC_ARC = YES;
				CLANG_ENABLE_OBJC_WEAK = YES;
				CLANG_WARN_BLOCK_CAPTURE_AUTORELEASING = YES;
				CLANG_WARN_BOOL_CONVERSION = YES;
				CLANG_WARN_COMMA = YES;
				CLANG_WARN_CONSTANT_CONVERSION = YES;
				CLANG_WARN_DEPRECATED_OBJC_IMPLEMENTATIONS = YES;
				CLANG_WARN_DIRECT_OBJC_ISA_USAGE = YES_ERROR;
				CLANG_WARN_DOCUMENTATION_COMMENTS = YES;
				CLANG_WARN_EMPTY_BODY = YES;
				CLANG_WARN_ENUM_CONVERSION = YES;
				CLANG_WARN_INFINITE_RECURSION = YES;
				CLANG_WARN_INT_CONVERSION = YES;
				CLANG_WARN_NON_LITERAL_NULL_CONVERSION = YES;
				CLANG_WARN_OBJC_IMPLICIT_RETAIN_SELF = YES;
				CLANG_WARN_OBJC_LITERAL_CONVERSION = YES;
				CLANG_WARN_OBJC_ROOT_CLASS = YES_ERROR;
				CLANG_WARN_QUOTED_INCLUDE_IN_FRAMEWORK_HEADER = YES;
				CLANG_WARN_RANGE_LOOP_ANALYSIS = YES;
				CLANG_WARN_STRICT_PROTOTYPES = YES;
				CLANG_WARN_SUSPICIOUS_MOVE = YES;
				CLANG_WARN_UNGUARDED_AVAILABILITY = YES_AGGRESSIVE;
				CLANG_WARN_UNREACHABLE_CODE = YES;
				CLANG_WARN__DUPLICATE_METHOD_MATCH = YES;
				COPY_PHASE_STRIP = NO;
				DEBUG_INFORMATION_FORMAT = dwarf;
				ENABLE_STRICT_OBJC_MSGSEND = YES;
				ENABLE_TESTABILITY = YES;
				ENABLE_USER_SCRIPT_SANDBOXING = YES;
				GCC_C_LANGUAGE_STANDARD = gnu17;
				GCC_DYNAMIC_NO_PIC = NO;
				GCC_NO_COMMON_BLOCKS = YES;
				GCC_OPTIMIZATION_LEVEL = 0;
				GCC_PREPROCESSOR_DEFINITIONS = (
					"DEBUG=1",
					"$(inherited)",
				);
				GCC_WARN_64_TO_32_BIT_CONVERSION = YES;
				GCC_WARN_ABOUT_RETURN_TYPE = YES_ERROR;
				GCC_WARN_UNDECLARED_SELECTOR = YES;
				GCC_WARN_UNINITIALIZED_AUTOS = YES_AGGRESSIVE;
				GCC_WARN_UNUSED_FUNCTION = YES;
				GCC_WARN_UNUSED_VARIABLE = YES;
				IPHONEOS_DEPLOYMENT_TARGET = 17.2;
				LOCALIZATION_PREFERS_STRING_CATALOGS = YES;
				MTL_ENABLE_DEBUG_INFO = INCLUDE_SOURCE;
				MTL_FAST_MATH = YES;
				ONLY_ACTIVE_ARCH = YES;
				SDKROOT = iphoneos;
				SWIFT_ACTIVE_COMPILATION_CONDITIONS = "DEBUG $(inherited)";
				SWIFT_OPTIMIZATION_LEVEL = "-Onone";
			};
			name = Debug;
		};
		BF4C7CBF2C22826300F5E695 /* Release */ = {
			isa = XCBuildConfiguration;
			buildSettings = {
				ALWAYS_SEARCH_USER_PATHS = NO;
				ASSETCATALOG_COMPILER_GENERATE_SWIFT_ASSET_SYMBOL_EXTENSIONS = YES;
				CLANG_ANALYZER_NONNULL = YES;
				CLANG_ANALYZER_NUMBER_OBJECT_CONVERSION = YES_AGGRESSIVE;
				CLANG_CXX_LANGUAGE_STANDARD = "gnu++20";
				CLANG_ENABLE_MODULES = YES;
				CLANG_ENABLE_OBJC_ARC = YES;
				CLANG_ENABLE_OBJC_WEAK = YES;
				CLANG_WARN_BLOCK_CAPTURE_AUTORELEASING = YES;
				CLANG_WARN_BOOL_CONVERSION = YES;
				CLANG_WARN_COMMA = YES;
				CLANG_WARN_CONSTANT_CONVERSION = YES;
				CLANG_WARN_DEPRECATED_OBJC_IMPLEMENTATIONS = YES;
				CLANG_WARN_DIRECT_OBJC_ISA_USAGE = YES_ERROR;
				CLANG_WARN_DOCUMENTATION_COMMENTS = YES;
				CLANG_WARN_EMPTY_BODY = YES;
				CLANG_WARN_ENUM_CONVERSION = YES;
				CLANG_WARN_INFINITE_RECURSION = YES;
				CLANG_WARN_INT_CONVERSION = YES;
				CLANG_WARN_NON_LITERAL_NULL_CONVERSION = YES;
				CLANG_WARN_OBJC_IMPLICIT_RETAIN_SELF = YES;
				CLANG_WARN_OBJC_LITERAL_CONVERSION = YES;
				CLANG_WARN_OBJC_ROOT_CLASS = YES_ERROR;
				CLANG_WARN_QUOTED_INCLUDE_IN_FRAMEWORK_HEADER = YES;
				CLANG_WARN_RANGE_LOOP_ANALYSIS = YES;
				CLANG_WARN_STRICT_PROTOTYPES = YES;
				CLANG_WARN_SUSPICIOUS_MOVE = YES;
				CLANG_WARN_UNGUARDED_AVAILABILITY = YES_AGGRESSIVE;
				CLANG_WARN_UNREACHABLE_CODE = YES;
				CLANG_WARN__DUPLICATE_METHOD_MATCH = YES;
				COPY_PHASE_STRIP = NO;
				DEBUG_INFORMATION_FORMAT = "dwarf-with-dsym";
				ENABLE_NS_ASSERTIONS = NO;
				ENABLE_STRICT_OBJC_MSGSEND = YES;
				ENABLE_USER_SCRIPT_SANDBOXING = YES;
				GCC_C_LANGUAGE_STANDARD = gnu17;
				GCC_NO_COMMON_BLOCKS = YES;
				GCC_WARN_64_TO_32_BIT_CONVERSION = YES;
				GCC_WARN_ABOUT_RETURN_TYPE = YES_ERROR;
				GCC_WARN_UNDECLARED_SELECTOR = YES;
				GCC_WARN_UNINITIALIZED_AUTOS = YES_AGGRESSIVE;
				GCC_WARN_UNUSED_FUNCTION = YES;
				GCC_WARN_UNUSED_VARIABLE = YES;
				IPHONEOS_DEPLOYMENT_TARGET = 17.2;
				LOCALIZATION_PREFERS_STRING_CATALOGS = YES;
				MTL_ENABLE_DEBUG_INFO = NO;
				MTL_FAST_MATH = YES;
				SDKROOT = iphoneos;
				SWIFT_COMPILATION_MODE = wholemodule;
				VALIDATE_PRODUCT = YES;
			};
			name = Release;
		};
		BF4C7CC12C22826300F5E695 /* Debug */ = {
			isa = XCBuildConfiguration;
			buildSettings = {
				ASSETCATALOG_COMPILER_APPICON_NAME = AppIcon;
				ASSETCATALOG_COMPILER_GLOBAL_ACCENT_COLOR_NAME = AccentColor;
				CODE_SIGN_STYLE = Automatic;
				CURRENT_PROJECT_VERSION = 1;
				DEVELOPMENT_TEAM = 7DK5H7RWQJ;
				GENERATE_INFOPLIST_FILE = YES;
				INFOPLIST_KEY_UIApplicationSupportsIndirectInputEvents = YES;
				INFOPLIST_KEY_UILaunchStoryboardName = LaunchScreen;
				INFOPLIST_KEY_UIMainStoryboardFile = Main;
				INFOPLIST_KEY_UIStatusBarHidden = YES;
				INFOPLIST_KEY_UISupportedInterfaceOrientations_iPad = "UIInterfaceOrientationLandscapeLeft UIInterfaceOrientationLandscapeRight";
				LD_RUNPATH_SEARCH_PATHS = (
					"$(inherited)",
					"@executable_path/Frameworks",
				);
				MARKETING_VERSION = 1.0;
				PRODUCT_BUNDLE_IDENTIFIER = Euphorience.FarmFighters;
				PRODUCT_NAME = "$(TARGET_NAME)";
				SWIFT_EMIT_LOC_STRINGS = YES;
				SWIFT_VERSION = 5.0;
				TARGETED_DEVICE_FAMILY = "1,2";
			};
			name = Debug;
		};
		BF4C7CC22C22826300F5E695 /* Release */ = {
			isa = XCBuildConfiguration;
			buildSettings = {
				ASSETCATALOG_COMPILER_APPICON_NAME = AppIcon;
				ASSETCATALOG_COMPILER_GLOBAL_ACCENT_COLOR_NAME = AccentColor;
				CODE_SIGN_STYLE = Automatic;
				CURRENT_PROJECT_VERSION = 1;
				DEVELOPMENT_TEAM = 7DK5H7RWQJ;
				GENERATE_INFOPLIST_FILE = YES;
				INFOPLIST_KEY_UIApplicationSupportsIndirectInputEvents = YES;
				INFOPLIST_KEY_UILaunchStoryboardName = LaunchScreen;
				INFOPLIST_KEY_UIMainStoryboardFile = Main;
				INFOPLIST_KEY_UIStatusBarHidden = YES;
				INFOPLIST_KEY_UISupportedInterfaceOrientations_iPad = "UIInterfaceOrientationLandscapeLeft UIInterfaceOrientationLandscapeRight";
				LD_RUNPATH_SEARCH_PATHS = (
					"$(inherited)",
					"@executable_path/Frameworks",
				);
				MARKETING_VERSION = 1.0;
				PRODUCT_BUNDLE_IDENTIFIER = Euphorience.FarmFighters;
				PRODUCT_NAME = "$(TARGET_NAME)";
				SWIFT_EMIT_LOC_STRINGS = YES;
				SWIFT_VERSION = 5.0;
				TARGETED_DEVICE_FAMILY = "1,2";
			};
			name = Release;
		};
/* End XCBuildConfiguration section */

/* Begin XCConfigurationList section */
		BF4C7CA42C22826200F5E695 /* Build configuration list for PBXProject "FarmFighters" */ = {
			isa = XCConfigurationList;
			buildConfigurations = (
				BF4C7CBE2C22826300F5E695 /* Debug */,
				BF4C7CBF2C22826300F5E695 /* Release */,
			);
			defaultConfigurationIsVisible = 0;
			defaultConfigurationName = Release;
		};
		BF4C7CC02C22826300F5E695 /* Build configuration list for PBXNativeTarget "FarmFighters" */ = {
			isa = XCConfigurationList;
			buildConfigurations = (
				BF4C7CC12C22826300F5E695 /* Debug */,
				BF4C7CC22C22826300F5E695 /* Release */,
			);
			defaultConfigurationIsVisible = 0;
			defaultConfigurationName = Release;
		};
/* End XCConfigurationList section */
	};
	rootObject = BF4C7CA12C22826200F5E695 /* Project object */;
}
